// !$*UTF8*$!
{
	archiveVersion = 1;
	classes = {
	};
	objectVersion = 50;
	objects = {

/* Begin PBXBuildFile section */
		7DB7E7D0270EF17E00BD7A45 /* AppDelegate.swift in Sources */ = {isa = PBXBuildFile; fileRef = 7DB7E7CF270EF17E00BD7A45 /* AppDelegate.swift */; };
		7DB7E7D4270EF17E00BD7A45 /* ViewController.swift in Sources */ = {isa = PBXBuildFile; fileRef = 7DB7E7D3270EF17E00BD7A45 /* ViewController.swift */; };
		7DB7E7D9270EF17F00BD7A45 /* Assets.xcassets in Resources */ = {isa = PBXBuildFile; fileRef = 7DB7E7D8270EF17F00BD7A45 /* Assets.xcassets */; };
		7DB7E7DC270EF17F00BD7A45 /* LaunchScreen.storyboard in Resources */ = {isa = PBXBuildFile; fileRef = 7DB7E7DA270EF17F00BD7A45 /* LaunchScreen.storyboard */; };
		7DB7E7E7270EF17F00BD7A45 /* ArcadeUnitTestExampleTests.swift in Sources */ = {isa = PBXBuildFile; fileRef = 7DB7E7E6270EF17F00BD7A45 /* ArcadeUnitTestExampleTests.swift */; };
		7DB7E801270EF31700BD7A45 /* WeatherViewController.swift in Sources */ = {isa = PBXBuildFile; fileRef = 7DB7E800270EF31700BD7A45 /* WeatherViewController.swift */; };
		7DB7E805270EF33900BD7A45 /* WeatherService.swift in Sources */ = {isa = PBXBuildFile; fileRef = 7DB7E804270EF33900BD7A45 /* WeatherService.swift */; };
		7DB7E807270EF35300BD7A45 /* WeatherModel.swift in Sources */ = {isa = PBXBuildFile; fileRef = 7DB7E806270EF35300BD7A45 /* WeatherModel.swift */; };
		7DB7E809270EF35E00BD7A45 /* WeatherData.swift in Sources */ = {isa = PBXBuildFile; fileRef = 7DB7E808270EF35E00BD7A45 /* WeatherData.swift */; };
		7DC6E7DF270FD08F00AB2F3A /* weather.json in Resources */ = {isa = PBXBuildFile; fileRef = 7DC6E7DE270FD08F00AB2F3A /* weather.json */; };
/* End PBXBuildFile section */

/* Begin PBXContainerItemProxy section */
		7DB7E7E3270EF17F00BD7A45 /* PBXContainerItemProxy */ = {
			isa = PBXContainerItemProxy;
			containerPortal = 7DB7E7C4270EF17E00BD7A45 /* Project object */;
			proxyType = 1;
			remoteGlobalIDString = 7DB7E7CB270EF17E00BD7A45;
			remoteInfo = ArcadeUnitTestExample;
		};
/* End PBXContainerItemProxy section */

/* Begin PBXFileReference section */
		7DB7E7CC270EF17E00BD7A45 /* ArcadeUnitTestExample.app */ = {isa = PBXFileReference; explicitFileType = wrapper.application; includeInIndex = 0; path = ArcadeUnitTestExample.app; sourceTree = BUILT_PRODUCTS_DIR; };
		7DB7E7CF270EF17E00BD7A45 /* AppDelegate.swift */ = {isa = PBXFileReference; lastKnownFileType = sourcecode.swift; path = AppDelegate.swift; sourceTree = "<group>"; };
		7DB7E7D3270EF17E00BD7A45 /* ViewController.swift */ = {isa = PBXFileReference; lastKnownFileType = sourcecode.swift; path = ViewController.swift; sourceTree = "<group>"; };
		7DB7E7D8270EF17F00BD7A45 /* Assets.xcassets */ = {isa = PBXFileReference; lastKnownFileType = folder.assetcatalog; path = Assets.xcassets; sourceTree = "<group>"; };
		7DB7E7DB270EF17F00BD7A45 /* Base */ = {isa = PBXFileReference; lastKnownFileType = file.storyboard; name = Base; path = Base.lproj/LaunchScreen.storyboard; sourceTree = "<group>"; };
		7DB7E7DD270EF17F00BD7A45 /* Info.plist */ = {isa = PBXFileReference; lastKnownFileType = text.plist.xml; path = Info.plist; sourceTree = "<group>"; };
		7DB7E7E2270EF17F00BD7A45 /* ArcadeUnitTestExampleTests.xctest */ = {isa = PBXFileReference; explicitFileType = wrapper.cfbundle; includeInIndex = 0; path = ArcadeUnitTestExampleTests.xctest; sourceTree = BUILT_PRODUCTS_DIR; };
		7DB7E7E6270EF17F00BD7A45 /* ArcadeUnitTestExampleTests.swift */ = {isa = PBXFileReference; lastKnownFileType = sourcecode.swift; path = ArcadeUnitTestExampleTests.swift; sourceTree = "<group>"; };
		7DB7E7E8270EF17F00BD7A45 /* Info.plist */ = {isa = PBXFileReference; lastKnownFileType = text.plist.xml; path = Info.plist; sourceTree = "<group>"; };
		7DB7E800270EF31700BD7A45 /* WeatherViewController.swift */ = {isa = PBXFileReference; lastKnownFileType = sourcecode.swift; path = WeatherViewController.swift; sourceTree = "<group>"; };
		7DB7E804270EF33900BD7A45 /* WeatherService.swift */ = {isa = PBXFileReference; lastKnownFileType = sourcecode.swift; path = WeatherService.swift; sourceTree = "<group>"; };
		7DB7E806270EF35300BD7A45 /* WeatherModel.swift */ = {isa = PBXFileReference; lastKnownFileType = sourcecode.swift; path = WeatherModel.swift; sourceTree = "<group>"; };
		7DB7E808270EF35E00BD7A45 /* WeatherData.swift */ = {isa = PBXFileReference; lastKnownFileType = sourcecode.swift; path = WeatherData.swift; sourceTree = "<group>"; };
		7DC6E7DE270FD08F00AB2F3A /* weather.json */ = {isa = PBXFileReference; lastKnownFileType = text.json; path = weather.json; sourceTree = "<group>"; };
/* End PBXFileReference section */

/* Begin PBXFrameworksBuildPhase section */
		7DB7E7C9270EF17E00BD7A45 /* Frameworks */ = {
			isa = PBXFrameworksBuildPhase;
			buildActionMask = 2147483647;
			files = (
			);
			runOnlyForDeploymentPostprocessing = 0;
		};
		7DB7E7DF270EF17F00BD7A45 /* Frameworks */ = {
			isa = PBXFrameworksBuildPhase;
			buildActionMask = 2147483647;
			files = (
			);
			runOnlyForDeploymentPostprocessing = 0;
		};
/* End PBXFrameworksBuildPhase section */

/* Begin PBXGroup section */
		7D3F3218271520740076B155 /* Fixtures */ = {
			isa = PBXGroup;
			children = (
				7DC6E7DE270FD08F00AB2F3A /* weather.json */,
			);
			path = Fixtures;
			sourceTree = "<group>";
		};
		7DB7E7C3270EF17E00BD7A45 = {
			isa = PBXGroup;
			children = (
				7DB7E7CE270EF17E00BD7A45 /* ArcadeUnitTestExample */,
				7DB7E7E5270EF17F00BD7A45 /* ArcadeUnitTestExampleTests */,
				7DB7E7CD270EF17E00BD7A45 /* Products */,
			);
			sourceTree = "<group>";
		};
		7DB7E7CD270EF17E00BD7A45 /* Products */ = {
			isa = PBXGroup;
			children = (
				7DB7E7CC270EF17E00BD7A45 /* ArcadeUnitTestExample.app */,
				7DB7E7E2270EF17F00BD7A45 /* ArcadeUnitTestExampleTests.xctest */,
			);
			name = Products;
			sourceTree = "<group>";
		};
		7DB7E7CE270EF17E00BD7A45 /* ArcadeUnitTestExample */ = {
			isa = PBXGroup;
			children = (
				7DB7E803270EF33100BD7A45 /* Model */,
				7DB7E802270EF32D00BD7A45 /* Service */,
				7DB7E7FF270EF30600BD7A45 /* Controller */,
				7DB7E7CF270EF17E00BD7A45 /* AppDelegate.swift */,
				7DB7E7D3270EF17E00BD7A45 /* ViewController.swift */,
				7DB7E7D8270EF17F00BD7A45 /* Assets.xcassets */,
				7DB7E7DA270EF17F00BD7A45 /* LaunchScreen.storyboard */,
				7DB7E7DD270EF17F00BD7A45 /* Info.plist */,
			);
			path = ArcadeUnitTestExample;
			sourceTree = "<group>";
		};
		7DB7E7E5270EF17F00BD7A45 /* ArcadeUnitTestExampleTests */ = {
			isa = PBXGroup;
			children = (
				7D3F3218271520740076B155 /* Fixtures */,
				7DB7E7E6270EF17F00BD7A45 /* ArcadeUnitTestExampleTests.swift */,
				7DB7E7E8270EF17F00BD7A45 /* Info.plist */,
			);
			path = ArcadeUnitTestExampleTests;
			sourceTree = "<group>";
		};
		7DB7E7FF270EF30600BD7A45 /* Controller */ = {
			isa = PBXGroup;
			children = (
				7DB7E800270EF31700BD7A45 /* WeatherViewController.swift */,
			);
			path = Controller;
			sourceTree = "<group>";
		};
		7DB7E802270EF32D00BD7A45 /* Service */ = {
			isa = PBXGroup;
			children = (
				7DB7E804270EF33900BD7A45 /* WeatherService.swift */,
			);
			path = Service;
			sourceTree = "<group>";
		};
		7DB7E803270EF33100BD7A45 /* Model */ = {
			isa = PBXGroup;
			children = (
				7DB7E806270EF35300BD7A45 /* WeatherModel.swift */,
				7DB7E808270EF35E00BD7A45 /* WeatherData.swift */,
			);
			path = Model;
			sourceTree = "<group>";
		};
/* End PBXGroup section */

/* Begin PBXNativeTarget section */
		7DB7E7CB270EF17E00BD7A45 /* ArcadeUnitTestExample */ = {
			isa = PBXNativeTarget;
			buildConfigurationList = 7DB7E7F6270EF18000BD7A45 /* Build configuration list for PBXNativeTarget "ArcadeUnitTestExample" */;
			buildPhases = (
				7DB7E7C8270EF17E00BD7A45 /* Sources */,
				7DB7E7C9270EF17E00BD7A45 /* Frameworks */,
				7DB7E7CA270EF17E00BD7A45 /* Resources */,
			);
			buildRules = (
			);
			dependencies = (
			);
			name = ArcadeUnitTestExample;
			productName = ArcadeUnitTestExample;
			productReference = 7DB7E7CC270EF17E00BD7A45 /* ArcadeUnitTestExample.app */;
			productType = "com.apple.product-type.application";
		};
		7DB7E7E1270EF17F00BD7A45 /* ArcadeUnitTestExampleTests */ = {
			isa = PBXNativeTarget;
			buildConfigurationList = 7DB7E7F9270EF18000BD7A45 /* Build configuration list for PBXNativeTarget "ArcadeUnitTestExampleTests" */;
			buildPhases = (
				7DB7E7DE270EF17F00BD7A45 /* Sources */,
				7DB7E7DF270EF17F00BD7A45 /* Frameworks */,
				7DB7E7E0270EF17F00BD7A45 /* Resources */,
			);
			buildRules = (
			);
			dependencies = (
				7DB7E7E4270EF17F00BD7A45 /* PBXTargetDependency */,
			);
			name = ArcadeUnitTestExampleTests;
			productName = ArcadeUnitTestExampleTests;
			productReference = 7DB7E7E2270EF17F00BD7A45 /* ArcadeUnitTestExampleTests.xctest */;
			productType = "com.apple.product-type.bundle.unit-test";
		};
/* End PBXNativeTarget section */

/* Begin PBXProject section */
		7DB7E7C4270EF17E00BD7A45 /* Project object */ = {
			isa = PBXProject;
			attributes = {
				LastSwiftUpdateCheck = 1250;
				LastUpgradeCheck = 1250;
				TargetAttributes = {
					7DB7E7CB270EF17E00BD7A45 = {
						CreatedOnToolsVersion = 12.5;
					};
					7DB7E7E1270EF17F00BD7A45 = {
						CreatedOnToolsVersion = 12.5;
						TestTargetID = 7DB7E7CB270EF17E00BD7A45;
					};
				};
			};
			buildConfigurationList = 7DB7E7C7270EF17E00BD7A45 /* Build configuration list for PBXProject "ArcadeUnitTestExample" */;
			compatibilityVersion = "Xcode 9.3";
			developmentRegion = en;
			hasScannedForEncodings = 0;
			knownRegions = (
				en,
				Base,
			);
			mainGroup = 7DB7E7C3270EF17E00BD7A45;
			productRefGroup = 7DB7E7CD270EF17E00BD7A45 /* Products */;
			projectDirPath = "";
			projectRoot = "";
			targets = (
				7DB7E7CB270EF17E00BD7A45 /* ArcadeUnitTestExample */,
				7DB7E7E1270EF17F00BD7A45 /* ArcadeUnitTestExampleTests */,
			);
		};
/* End PBXProject section */

/* Begin PBXResourcesBuildPhase section */
		7DB7E7CA270EF17E00BD7A45 /* Resources */ = {
			isa = PBXResourcesBuildPhase;
			buildActionMask = 2147483647;
			files = (
				7DB7E7DC270EF17F00BD7A45 /* LaunchScreen.storyboard in Resources */,
				7DB7E7D9270EF17F00BD7A45 /* Assets.xcassets in Resources */,
			);
			runOnlyForDeploymentPostprocessing = 0;
		};
		7DB7E7E0270EF17F00BD7A45 /* Resources */ = {
			isa = PBXResourcesBuildPhase;
			buildActionMask = 2147483647;
			files = (
				7DC6E7DF270FD08F00AB2F3A /* weather.json in Resources */,
			);
			runOnlyForDeploymentPostprocessing = 0;
		};
/* End PBXResourcesBuildPhase section */

/* Begin PBXSourcesBuildPhase section */
		7DB7E7C8270EF17E00BD7A45 /* Sources */ = {
			isa = PBXSourcesBuildPhase;
			buildActionMask = 2147483647;
			files = (
				7DB7E805270EF33900BD7A45 /* WeatherService.swift in Sources */,
				7DB7E7D4270EF17E00BD7A45 /* ViewController.swift in Sources */,
				7DB7E801270EF31700BD7A45 /* WeatherViewController.swift in Sources */,
				7DB7E7D0270EF17E00BD7A45 /* AppDelegate.swift in Sources */,
				7DB7E809270EF35E00BD7A45 /* WeatherData.swift in Sources */,
				7DB7E807270EF35300BD7A45 /* WeatherModel.swift in Sources */,
			);
			runOnlyForDeploymentPostprocessing = 0;
		};
		7DB7E7DE270EF17F00BD7A45 /* Sources */ = {
			isa = PBXSourcesBuildPhase;
			buildActionMask = 2147483647;
			files = (
				7DB7E7E7270EF17F00BD7A45 /* ArcadeUnitTestExampleTests.swift in Sources */,
			);
			runOnlyForDeploymentPostprocessing = 0;
		};
/* End PBXSourcesBuildPhase section */

/* Begin PBXTargetDependency section */
		7DB7E7E4270EF17F00BD7A45 /* PBXTargetDependency */ = {
			isa = PBXTargetDependency;
			target = 7DB7E7CB270EF17E00BD7A45 /* ArcadeUnitTestExample */;
			targetProxy = 7DB7E7E3270EF17F00BD7A45 /* PBXContainerItemProxy */;
		};
/* End PBXTargetDependency section */

/* Begin PBXVariantGroup section */
		7DB7E7DA270EF17F00BD7A45 /* LaunchScreen.storyboard */ = {
			isa = PBXVariantGroup;
			children = (
				7DB7E7DB270EF17F00BD7A45 /* Base */,
			);
			name = LaunchScreen.storyboard;
			sourceTree = "<group>";
		};
/* End PBXVariantGroup section */

/* Begin XCBuildConfiguration section */
		7DB7E7F4270EF18000BD7A45 /* Debug */ = {
			isa = XCBuildConfiguration;
			buildSettings = {
				ALWAYS_SEARCH_USER_PATHS = NO;
				CLANG_ANALYZER_NONNULL = YES;
				CLANG_ANALYZER_NUMBER_OBJECT_CONVERSION = YES_AGGRESSIVE;
				CLANG_CXX_LANGUAGE_STANDARD = "gnu++14";
				CLANG_CXX_LIBRARY = "libc++";
				CLANG_ENABLE_MODULES = YES;
				CLANG_ENABLE_OBJC_ARC = YES;
				CLANG_ENABLE_OBJC_WEAK = YES;
				CLANG_WARN_BLOCK_CAPTURE_AUTORELEASING = YES;
				CLANG_WARN_BOOL_CONVERSION = YES;
				CLANG_WARN_COMMA = YES;
				CLANG_WARN_CONSTANT_CONVERSION = YES;
				CLANG_WARN_DEPRECATED_OBJC_IMPLEMENTATIONS = YES;
				CLANG_WARN_DIRECT_OBJC_ISA_USAGE = YES_ERROR;
				CLANG_WARN_DOCUMENTATION_COMMENTS = YES;
				CLANG_WARN_EMPTY_BODY = YES;
				CLANG_WARN_ENUM_CONVERSION = YES;
				CLANG_WARN_INFINITE_RECURSION = YES;
				CLANG_WARN_INT_CONVERSION = YES;
				CLANG_WARN_NON_LITERAL_NULL_CONVERSION = YES;
				CLANG_WARN_OBJC_IMPLICIT_RETAIN_SELF = YES;
				CLANG_WARN_OBJC_LITERAL_CONVERSION = YES;
				CLANG_WARN_OBJC_ROOT_CLASS = YES_ERROR;
				CLANG_WARN_QUOTED_INCLUDE_IN_FRAMEWORK_HEADER = YES;
				CLANG_WARN_RANGE_LOOP_ANALYSIS = YES;
				CLANG_WARN_STRICT_PROTOTYPES = YES;
				CLANG_WARN_SUSPICIOUS_MOVE = YES;
				CLANG_WARN_UNGUARDED_AVAILABILITY = YES_AGGRESSIVE;
				CLANG_WARN_UNREACHABLE_CODE = YES;
				CLANG_WARN__DUPLICATE_METHOD_MATCH = YES;
				COPY_PHASE_STRIP = NO;
				DEBUG_INFORMATION_FORMAT = dwarf;
				ENABLE_STRICT_OBJC_MSGSEND = YES;
				ENABLE_TESTABILITY = YES;
				GCC_C_LANGUAGE_STANDARD = gnu11;
				GCC_DYNAMIC_NO_PIC = NO;
				GCC_NO_COMMON_BLOCKS = YES;
				GCC_OPTIMIZATION_LEVEL = 0;
				GCC_PREPROCESSOR_DEFINITIONS = (
					"DEBUG=1",
					"$(inherited)",
				);
				GCC_WARN_64_TO_32_BIT_CONVERSION = YES;
				GCC_WARN_ABOUT_RETURN_TYPE = YES_ERROR;
				GCC_WARN_UNDECLARED_SELECTOR = YES;
				GCC_WARN_UNINITIALIZED_AUTOS = YES_AGGRESSIVE;
				GCC_WARN_UNUSED_FUNCTION = YES;
				GCC_WARN_UNUSED_VARIABLE = YES;
				IPHONEOS_DEPLOYMENT_TARGET = 14.5;
				MTL_ENABLE_DEBUG_INFO = INCLUDE_SOURCE;
				MTL_FAST_MATH = YES;
				ONLY_ACTIVE_ARCH = YES;
				SDKROOT = iphoneos;
				SWIFT_ACTIVE_COMPILATION_CONDITIONS = DEBUG;
				SWIFT_OPTIMIZATION_LEVEL = "-Onone";
			};
			name = Debug;
		};
		7DB7E7F5270EF18000BD7A45 /* Release */ = {
			isa = XCBuildConfiguration;
			buildSettings = {
				ALWAYS_SEARCH_USER_PATHS = NO;
				CLANG_ANALYZER_NONNULL = YES;
				CLANG_ANALYZER_NUMBER_OBJECT_CONVERSION = YES_AGGRESSIVE;
				CLANG_CXX_LANGUAGE_STANDARD = "gnu++14";
				CLANG_CXX_LIBRARY = "libc++";
				CLANG_ENABLE_MODULES = YES;
				CLANG_ENABLE_OBJC_ARC = YES;
				CLANG_ENABLE_OBJC_WEAK = YES;
				CLANG_WARN_BLOCK_CAPTURE_AUTORELEASING = YES;
				CLANG_WARN_BOOL_CONVERSION = YES;
				CLANG_WARN_COMMA = YES;
				CLANG_WARN_CONSTANT_CONVERSION = YES;
				CLANG_WARN_DEPRECATED_OBJC_IMPLEMENTATIONS = YES;
				CLANG_WARN_DIRECT_OBJC_ISA_USAGE = YES_ERROR;
				CLANG_WARN_DOCUMENTATION_COMMENTS = YES;
				CLANG_WARN_EMPTY_BODY = YES;
				CLANG_WARN_ENUM_CONVERSION = YES;
				CLANG_WARN_INFINITE_RECURSION = YES;
				CLANG_WARN_INT_CONVERSION = YES;
				CLANG_WARN_NON_LITERAL_NULL_CONVERSION = YES;
				CLANG_WARN_OBJC_IMPLICIT_RETAIN_SELF = YES;
				CLANG_WARN_OBJC_LITERAL_CONVERSION = YES;
				CLANG_WARN_OBJC_ROOT_CLASS = YES_ERROR;
				CLANG_WARN_QUOTED_INCLUDE_IN_FRAMEWORK_HEADER = YES;
				CLANG_WARN_RANGE_LOOP_ANALYSIS = YES;
				CLANG_WARN_STRICT_PROTOTYPES = YES;
				CLANG_WARN_SUSPICIOUS_MOVE = YES;
				CLANG_WARN_UNGUARDED_AVAILABILITY = YES_AGGRESSIVE;
				CLANG_WARN_UNREACHABLE_CODE = YES;
				CLANG_WARN__DUPLICATE_METHOD_MATCH = YES;
				COPY_PHASE_STRIP = NO;
				DEBUG_INFORMATION_FORMAT = "dwarf-with-dsym";
				ENABLE_NS_ASSERTIONS = NO;
				ENABLE_STRICT_OBJC_MSGSEND = YES;
				GCC_C_LANGUAGE_STANDARD = gnu11;
				GCC_NO_COMMON_BLOCKS = YES;
				GCC_WARN_64_TO_32_BIT_CONVERSION = YES;
				GCC_WARN_ABOUT_RETURN_TYPE = YES_ERROR;
				GCC_WARN_UNDECLARED_SELECTOR = YES;
				GCC_WARN_UNINITIALIZED_AUTOS = YES_AGGRESSIVE;
				GCC_WARN_UNUSED_FUNCTION = YES;
				GCC_WARN_UNUSED_VARIABLE = YES;
				IPHONEOS_DEPLOYMENT_TARGET = 14.5;
				MTL_ENABLE_DEBUG_INFO = NO;
				MTL_FAST_MATH = YES;
				SDKROOT = iphoneos;
				SWIFT_COMPILATION_MODE = wholemodule;
				SWIFT_OPTIMIZATION_LEVEL = "-O";
				VALIDATE_PRODUCT = YES;
			};
			name = Release;
		};
		7DB7E7F7270EF18000BD7A45 /* Debug */ = {
			isa = XCBuildConfiguration;
			buildSettings = {
				ASSETCATALOG_COMPILER_APPICON_NAME = AppIcon;
				ASSETCATALOG_COMPILER_GLOBAL_ACCENT_COLOR_NAME = AccentColor;
				CODE_SIGN_STYLE = Automatic;
				DEVELOPMENT_TEAM = JH6HFBQXT6;
				INFOPLIST_FILE = ArcadeUnitTestExample/Info.plist;
				LD_RUNPATH_SEARCH_PATHS = (
					"$(inherited)",
					"@executable_path/Frameworks",
				);
				PRODUCT_BUNDLE_IDENTIFIER = kr.miiiiiin.itcha.ArcadeUnitTestExample;
				PRODUCT_NAME = "$(TARGET_NAME)";
				SWIFT_VERSION = 5.0;
				TARGETED_DEVICE_FAMILY = 1;
			};
			name = Debug;
		};
		7DB7E7F8270EF18000BD7A45 /* Release */ = {
			isa = XCBuildConfiguration;
			buildSettings = {
				ASSETCATALOG_COMPILER_APPICON_NAME = AppIcon;
				ASSETCATALOG_COMPILER_GLOBAL_ACCENT_COLOR_NAME = AccentColor;
				CODE_SIGN_STYLE = Automatic;
				DEVELOPMENT_TEAM = JH6HFBQXT6;
				INFOPLIST_FILE = ArcadeUnitTestExample/Info.plist;
				LD_RUNPATH_SEARCH_PATHS = (
					"$(inherited)",
					"@executable_path/Frameworks",
				);
				PRODUCT_BUNDLE_IDENTIFIER = kr.miiiiiin.itcha.ArcadeUnitTestExample;
				PRODUCT_NAME = "$(TARGET_NAME)";
				SWIFT_VERSION = 5.0;
				TARGETED_DEVICE_FAMILY = 1;
			};
			name = Release;
		};
		7DB7E7FA270EF18000BD7A45 /* Debug */ = {
			isa = XCBuildConfiguration;
			buildSettings = {
				ALWAYS_EMBED_SWIFT_STANDARD_LIBRARIES = YES;
				BUNDLE_LOADER = "$(TEST_HOST)";
				CODE_SIGN_STYLE = Automatic;
				DEVELOPMENT_TEAM = JH6HFBQXT6;
				INFOPLIST_FILE = ArcadeUnitTestExampleTests/Info.plist;
				IPHONEOS_DEPLOYMENT_TARGET = 14.5;
				LD_RUNPATH_SEARCH_PATHS = (
					"$(inherited)",
					"@executable_path/Frameworks",
					"@loader_path/Frameworks",
				);
				PRODUCT_BUNDLE_IDENTIFIER = kr.miiiiiin.itcha.ArcadeUnitTestExampleTests;
				PRODUCT_NAME = "$(TARGET_NAME)";
				SWIFT_VERSION = 5.0;
				TARGETED_DEVICE_FAMILY = "1,2";
				TEST_HOST = "$(BUILT_PRODUCTS_DIR)/ArcadeUnitTestExample.app/ArcadeUnitTestExample";
			};
			name = Debug;
		};
		7DB7E7FB270EF18000BD7A45 /* Release */ = {
			isa = XCBuildConfiguration;
			buildSettings = {
				ALWAYS_EMBED_SWIFT_STANDARD_LIBRARIES = YES;
				BUNDLE_LOADER = "$(TEST_HOST)";
				CODE_SIGN_STYLE = Automatic;
				DEVELOPMENT_TEAM = JH6HFBQXT6;
				INFOPLIST_FILE = ArcadeUnitTestExampleTests/Info.plist;
				IPHONEOS_DEPLOYMENT_TARGET = 14.5;
				LD_RUNPATH_SEARCH_PATHS = (
					"$(inherited)",
					"@executable_path/Frameworks",
					"@loader_path/Frameworks",
				);
				PRODUCT_BUNDLE_IDENTIFIER = kr.miiiiiin.itcha.ArcadeUnitTestExampleTests;
				PRODUCT_NAME = "$(TARGET_NAME)";
				SWIFT_VERSION = 5.0;
				TARGETED_DEVICE_FAMILY = "1,2";
				TEST_HOST = "$(BUILT_PRODUCTS_DIR)/ArcadeUnitTestExample.app/ArcadeUnitTestExample";
			};
			name = Release;
		};
/* End XCBuildConfiguration section */

/* Begin XCConfigurationList section */
		7DB7E7C7270EF17E00BD7A45 /* Build configuration list for PBXProject "ArcadeUnitTestExample" */ = {
			isa = XCConfigurationList;
			buildConfigurations = (
				7DB7E7F4270EF18000BD7A45 /* Debug */,
				7DB7E7F5270EF18000BD7A45 /* Release */,
			);
			defaultConfigurationIsVisible = 0;
			defaultConfigurationName = Release;
		};
		7DB7E7F6270EF18000BD7A45 /* Build configuration list for PBXNativeTarget "ArcadeUnitTestExample" */ = {
			isa = XCConfigurationList;
			buildConfigurations = (
				7DB7E7F7270EF18000BD7A45 /* Debug */,
				7DB7E7F8270EF18000BD7A45 /* Release */,
			);
			defaultConfigurationIsVisible = 0;
			defaultConfigurationName = Release;
		};
		7DB7E7F9270EF18000BD7A45 /* Build configuration list for PBXNativeTarget "ArcadeUnitTestExampleTests" */ = {
			isa = XCConfigurationList;
			buildConfigurations = (
				7DB7E7FA270EF18000BD7A45 /* Debug */,
				7DB7E7FB270EF18000BD7A45 /* Release */,
			);
			defaultConfigurationIsVisible = 0;
			defaultConfigurationName = Release;
		};
/* End XCConfigurationList section */
	};
	rootObject = 7DB7E7C4270EF17E00BD7A45 /* Project object */;
}
