// !$*UTF8*$!
{
	archiveVersion = 1;
	classes = {
	};
	objectVersion = 51;
	objects = {

/* Begin PBXBuildFile section */
		13065FDE0EEDCE47C0439ED6 /* Pods_ReactorBlog_ReactorBlogUITests.framework in Frameworks */ = {isa = PBXBuildFile; fileRef = 0B40A32F7AE5EE2CB7BA5D06 /* Pods_ReactorBlog_ReactorBlogUITests.framework */; };
		4276628F95FA1DAF9E00F0BD /* Pods_ReactorBlogTests.framework in Frameworks */ = {isa = PBXBuildFile; fileRef = 067A669D521B29C6452187D6 /* Pods_ReactorBlogTests.framework */; };
		7D2B18242730C92300768E2E /* UIImageView+Rx.swift in Sources */ = {isa = PBXBuildFile; fileRef = 7D2B18232730C92300768E2E /* UIImageView+Rx.swift */; };
		7D2B18262730CA5700768E2E /* Extension+String.swift in Sources */ = {isa = PBXBuildFile; fileRef = 7D2B18252730CA5700768E2E /* Extension+String.swift */; };
		7D73A4DF2728E0C3001D4991 /* UITableView+Rx.swift in Sources */ = {isa = PBXBuildFile; fileRef = 7D73A4DE2728E0C3001D4991 /* UITableView+Rx.swift */; };
		7D73A4E22728E388001D4991 /* TableHeaderView.swift in Sources */ = {isa = PBXBuildFile; fileRef = 7D73A4E12728E388001D4991 /* TableHeaderView.swift */; };
		7D73A4E52728E953001D4991 /* BaseTableViewCell.swift in Sources */ = {isa = PBXBuildFile; fileRef = 7D73A4E42728E953001D4991 /* BaseTableViewCell.swift */; };
		7D73A4E72728E9AD001D4991 /* ContentCell.swift in Sources */ = {isa = PBXBuildFile; fileRef = 7D73A4E62728E9AD001D4991 /* ContentCell.swift */; };
		7D73A4EA2728EACF001D4991 /* CGFloatLiteral.swift in Sources */ = {isa = PBXBuildFile; fileRef = 7D73A4E92728EACF001D4991 /* CGFloatLiteral.swift */; };
		7D73A4EC2728EBD5001D4991 /* ContentCellReactor.swift in Sources */ = {isa = PBXBuildFile; fileRef = 7D73A4EB2728EBD5001D4991 /* ContentCellReactor.swift */; };
		7D73A4EF2728EF77001D4991 /* ServiceProviderType.swift in Sources */ = {isa = PBXBuildFile; fileRef = 7D73A4EE2728EF77001D4991 /* ServiceProviderType.swift */; };
		7D73A4F32728EFA7001D4991 /* UserDefaultService.swift in Sources */ = {isa = PBXBuildFile; fileRef = 7D73A4F22728EFA7001D4991 /* UserDefaultService.swift */; };
		7D73A4F52728EFBE001D4991 /* BaseService.swift in Sources */ = {isa = PBXBuildFile; fileRef = 7D73A4F42728EFBE001D4991 /* BaseService.swift */; };
		7D73A4F72728F1D9001D4991 /* SearchService.swift in Sources */ = {isa = PBXBuildFile; fileRef = 7D73A4F62728F1D9001D4991 /* SearchService.swift */; };
		7D73A4FE2728FDB5001D4991 /* BaseAPI.swift in Sources */ = {isa = PBXBuildFile; fileRef = 7D73A4FD2728FDB5001D4991 /* BaseAPI.swift */; };
		7D73A5002728FE3C001D4991 /* KakaoAPI.swift in Sources */ = {isa = PBXBuildFile; fileRef = 7D73A4FF2728FE3C001D4991 /* KakaoAPI.swift */; };
		7D73A5022728FF5E001D4991 /* Bundle.swift in Sources */ = {isa = PBXBuildFile; fileRef = 7D73A5012728FF5E001D4991 /* Bundle.swift */; };
		7D73A504272901B1001D4991 /* Networking.swift in Sources */ = {isa = PBXBuildFile; fileRef = 7D73A503272901B1001D4991 /* Networking.swift */; };
		7D73A507272912BE001D4991 /* Extension+DateFormatter.swift in Sources */ = {isa = PBXBuildFile; fileRef = 7D73A506272912BE001D4991 /* Extension+DateFormatter.swift */; };
		7D73A50927291507001D4991 /* RefreshControl.swift in Sources */ = {isa = PBXBuildFile; fileRef = 7D73A50827291507001D4991 /* RefreshControl.swift */; };
		7DB1FAAE2727DDC100113EAC /* AppDelegate.swift in Sources */ = {isa = PBXBuildFile; fileRef = 7DB1FAAD2727DDC100113EAC /* AppDelegate.swift */; };
		7DB1FAB72727DDC200113EAC /* Assets.xcassets in Resources */ = {isa = PBXBuildFile; fileRef = 7DB1FAB62727DDC200113EAC /* Assets.xcassets */; };
		7DB1FABA2727DDC200113EAC /* LaunchScreen.storyboard in Resources */ = {isa = PBXBuildFile; fileRef = 7DB1FAB82727DDC200113EAC /* LaunchScreen.storyboard */; };
		7DB1FAC52727DDC300113EAC /* ReactorBlogTests.swift in Sources */ = {isa = PBXBuildFile; fileRef = 7DB1FAC42727DDC300113EAC /* ReactorBlogTests.swift */; };
		7DB1FAD02727DDC300113EAC /* ReactorBlogUITests.swift in Sources */ = {isa = PBXBuildFile; fileRef = 7DB1FACF2727DDC300113EAC /* ReactorBlogUITests.swift */; };
		7DB1FAE22727E06C00113EAC /* AppFlow.swift in Sources */ = {isa = PBXBuildFile; fileRef = 7DB1FAE12727E06C00113EAC /* AppFlow.swift */; };
		7DB1FAE42727E1C900113EAC /* BlogStep.swift in Sources */ = {isa = PBXBuildFile; fileRef = 7DB1FAE32727E1C900113EAC /* BlogStep.swift */; };
		7DB1FAE92727E2E200113EAC /* BaseViewController.swift in Sources */ = {isa = PBXBuildFile; fileRef = 7DB1FAE82727E2E200113EAC /* BaseViewController.swift */; };
		7DB1FAEB2727E39700113EAC /* MainViewReactor.swift in Sources */ = {isa = PBXBuildFile; fileRef = 7DB1FAEA2727E39700113EAC /* MainViewReactor.swift */; };
		7DB1FAED2727E89300113EAC /* MainViewController.swift in Sources */ = {isa = PBXBuildFile; fileRef = 7DB1FAEC2727E89300113EAC /* MainViewController.swift */; };
		7DF6B70927292AA700256376 /* SearchResult.swift in Sources */ = {isa = PBXBuildFile; fileRef = 7DF6B70827292AA700256376 /* SearchResult.swift */; };
		7DF6B70B27292B0000256376 /* Post.swift in Sources */ = {isa = PBXBuildFile; fileRef = 7DF6B70A27292B0000256376 /* Post.swift */; };
		7DF6B70D27292B8D00256376 /* Meta.swift in Sources */ = {isa = PBXBuildFile; fileRef = 7DF6B70C27292B8D00256376 /* Meta.swift */; };
		7DF6B70F272935CC00256376 /* ErrorResponse.swift in Sources */ = {isa = PBXBuildFile; fileRef = 7DF6B70E272935CC00256376 /* ErrorResponse.swift */; };
		7DF6B71327293EDD00256376 /* HandleResponse.swift in Sources */ = {isa = PBXBuildFile; fileRef = 7DF6B71227293EDD00256376 /* HandleResponse.swift */; };
		DF5D83E416B0EB6838D33A81 /* Pods_ReactorBlog.framework in Frameworks */ = {isa = PBXBuildFile; fileRef = 40A2680E976DE30472CFA347 /* Pods_ReactorBlog.framework */; };
/* End PBXBuildFile section */

/* Begin PBXContainerItemProxy section */
		7DB1FAC12727DDC300113EAC /* PBXContainerItemProxy */ = {
			isa = PBXContainerItemProxy;
			containerPortal = 7DB1FAA22727DDC100113EAC /* Project object */;
			proxyType = 1;
			remoteGlobalIDString = 7DB1FAA92727DDC100113EAC;
			remoteInfo = ReactorBlog;
		};
		7DB1FACC2727DDC300113EAC /* PBXContainerItemProxy */ = {
			isa = PBXContainerItemProxy;
			containerPortal = 7DB1FAA22727DDC100113EAC /* Project object */;
			proxyType = 1;
			remoteGlobalIDString = 7DB1FAA92727DDC100113EAC;
			remoteInfo = ReactorBlog;
		};
/* End PBXContainerItemProxy section */

/* Begin PBXFileReference section */
		067A669D521B29C6452187D6 /* Pods_ReactorBlogTests.framework */ = {isa = PBXFileReference; explicitFileType = wrapper.framework; includeInIndex = 0; path = Pods_ReactorBlogTests.framework; sourceTree = BUILT_PRODUCTS_DIR; };
		0B40A32F7AE5EE2CB7BA5D06 /* Pods_ReactorBlog_ReactorBlogUITests.framework */ = {isa = PBXFileReference; explicitFileType = wrapper.framework; includeInIndex = 0; path = Pods_ReactorBlog_ReactorBlogUITests.framework; sourceTree = BUILT_PRODUCTS_DIR; };
		40A2680E976DE30472CFA347 /* Pods_ReactorBlog.framework */ = {isa = PBXFileReference; explicitFileType = wrapper.framework; includeInIndex = 0; path = Pods_ReactorBlog.framework; sourceTree = BUILT_PRODUCTS_DIR; };
		42685D70E68FC56B69ABA720 /* Pods-ReactorBlogTests.release.xcconfig */ = {isa = PBXFileReference; includeInIndex = 1; lastKnownFileType = text.xcconfig; name = "Pods-ReactorBlogTests.release.xcconfig"; path = "Target Support Files/Pods-ReactorBlogTests/Pods-ReactorBlogTests.release.xcconfig"; sourceTree = "<group>"; };
		54B610FDE3830E78FBEE6562 /* Pods-ReactorBlog.release.xcconfig */ = {isa = PBXFileReference; includeInIndex = 1; lastKnownFileType = text.xcconfig; name = "Pods-ReactorBlog.release.xcconfig"; path = "Target Support Files/Pods-ReactorBlog/Pods-ReactorBlog.release.xcconfig"; sourceTree = "<group>"; };
		56359EDE3A817081B5CA98E6 /* Pods-ReactorBlog-ReactorBlogUITests.debug.xcconfig */ = {isa = PBXFileReference; includeInIndex = 1; lastKnownFileType = text.xcconfig; name = "Pods-ReactorBlog-ReactorBlogUITests.debug.xcconfig"; path = "Target Support Files/Pods-ReactorBlog-ReactorBlogUITests/Pods-ReactorBlog-ReactorBlogUITests.debug.xcconfig"; sourceTree = "<group>"; };
		7D2B18232730C92300768E2E /* UIImageView+Rx.swift */ = {isa = PBXFileReference; lastKnownFileType = sourcecode.swift; path = "UIImageView+Rx.swift"; sourceTree = "<group>"; };
		7D2B18252730CA5700768E2E /* Extension+String.swift */ = {isa = PBXFileReference; lastKnownFileType = sourcecode.swift; path = "Extension+String.swift"; sourceTree = "<group>"; };
		7D73A4DE2728E0C3001D4991 /* UITableView+Rx.swift */ = {isa = PBXFileReference; lastKnownFileType = sourcecode.swift; path = "UITableView+Rx.swift"; sourceTree = "<group>"; };
		7D73A4E12728E388001D4991 /* TableHeaderView.swift */ = {isa = PBXFileReference; lastKnownFileType = sourcecode.swift; path = TableHeaderView.swift; sourceTree = "<group>"; };
		7D73A4E42728E953001D4991 /* BaseTableViewCell.swift */ = {isa = PBXFileReference; lastKnownFileType = sourcecode.swift; path = BaseTableViewCell.swift; sourceTree = "<group>"; };
		7D73A4E62728E9AD001D4991 /* ContentCell.swift */ = {isa = PBXFileReference; lastKnownFileType = sourcecode.swift; path = ContentCell.swift; sourceTree = "<group>"; };
		7D73A4E92728EACF001D4991 /* CGFloatLiteral.swift */ = {isa = PBXFileReference; lastKnownFileType = sourcecode.swift; path = CGFloatLiteral.swift; sourceTree = "<group>"; };
		7D73A4EB2728EBD5001D4991 /* ContentCellReactor.swift */ = {isa = PBXFileReference; lastKnownFileType = sourcecode.swift; path = ContentCellReactor.swift; sourceTree = "<group>"; };
		7D73A4EE2728EF77001D4991 /* ServiceProviderType.swift */ = {isa = PBXFileReference; lastKnownFileType = sourcecode.swift; path = ServiceProviderType.swift; sourceTree = "<group>"; };
		7D73A4F22728EFA7001D4991 /* UserDefaultService.swift */ = {isa = PBXFileReference; lastKnownFileType = sourcecode.swift; path = UserDefaultService.swift; sourceTree = "<group>"; };
		7D73A4F42728EFBE001D4991 /* BaseService.swift */ = {isa = PBXFileReference; lastKnownFileType = sourcecode.swift; path = BaseService.swift; sourceTree = "<group>"; };
		7D73A4F62728F1D9001D4991 /* SearchService.swift */ = {isa = PBXFileReference; lastKnownFileType = sourcecode.swift; path = SearchService.swift; sourceTree = "<group>"; };
		7D73A4FD2728FDB5001D4991 /* BaseAPI.swift */ = {isa = PBXFileReference; lastKnownFileType = sourcecode.swift; path = BaseAPI.swift; sourceTree = "<group>"; };
		7D73A4FF2728FE3C001D4991 /* KakaoAPI.swift */ = {isa = PBXFileReference; lastKnownFileType = sourcecode.swift; path = KakaoAPI.swift; sourceTree = "<group>"; };
		7D73A5012728FF5E001D4991 /* Bundle.swift */ = {isa = PBXFileReference; lastKnownFileType = sourcecode.swift; path = Bundle.swift; sourceTree = "<group>"; };
		7D73A503272901B1001D4991 /* Networking.swift */ = {isa = PBXFileReference; lastKnownFileType = sourcecode.swift; path = Networking.swift; sourceTree = "<group>"; };
		7D73A506272912BE001D4991 /* Extension+DateFormatter.swift */ = {isa = PBXFileReference; lastKnownFileType = sourcecode.swift; path = "Extension+DateFormatter.swift"; sourceTree = "<group>"; };
		7D73A50827291507001D4991 /* RefreshControl.swift */ = {isa = PBXFileReference; lastKnownFileType = sourcecode.swift; path = RefreshControl.swift; sourceTree = "<group>"; };
		7DB1FAAA2727DDC100113EAC /* ReactorBlog.app */ = {isa = PBXFileReference; explicitFileType = wrapper.application; includeInIndex = 0; path = ReactorBlog.app; sourceTree = BUILT_PRODUCTS_DIR; };
		7DB1FAAD2727DDC100113EAC /* AppDelegate.swift */ = {isa = PBXFileReference; lastKnownFileType = sourcecode.swift; path = AppDelegate.swift; sourceTree = "<group>"; };
		7DB1FAB62727DDC200113EAC /* Assets.xcassets */ = {isa = PBXFileReference; lastKnownFileType = folder.assetcatalog; path = Assets.xcassets; sourceTree = "<group>"; };
		7DB1FAB92727DDC200113EAC /* Base */ = {isa = PBXFileReference; lastKnownFileType = file.storyboard; name = Base; path = Base.lproj/LaunchScreen.storyboard; sourceTree = "<group>"; };
		7DB1FABB2727DDC200113EAC /* Info.plist */ = {isa = PBXFileReference; lastKnownFileType = text.plist.xml; path = Info.plist; sourceTree = "<group>"; };
		7DB1FAC02727DDC300113EAC /* ReactorBlogTests.xctest */ = {isa = PBXFileReference; explicitFileType = wrapper.cfbundle; includeInIndex = 0; path = ReactorBlogTests.xctest; sourceTree = BUILT_PRODUCTS_DIR; };
		7DB1FAC42727DDC300113EAC /* ReactorBlogTests.swift */ = {isa = PBXFileReference; lastKnownFileType = sourcecode.swift; path = ReactorBlogTests.swift; sourceTree = "<group>"; };
		7DB1FAC62727DDC300113EAC /* Info.plist */ = {isa = PBXFileReference; lastKnownFileType = text.plist.xml; path = Info.plist; sourceTree = "<group>"; };
		7DB1FACB2727DDC300113EAC /* ReactorBlogUITests.xctest */ = {isa = PBXFileReference; explicitFileType = wrapper.cfbundle; includeInIndex = 0; path = ReactorBlogUITests.xctest; sourceTree = BUILT_PRODUCTS_DIR; };
		7DB1FACF2727DDC300113EAC /* ReactorBlogUITests.swift */ = {isa = PBXFileReference; lastKnownFileType = sourcecode.swift; path = ReactorBlogUITests.swift; sourceTree = "<group>"; };
		7DB1FAD12727DDC300113EAC /* Info.plist */ = {isa = PBXFileReference; lastKnownFileType = text.plist.xml; path = Info.plist; sourceTree = "<group>"; };
		7DB1FAE12727E06C00113EAC /* AppFlow.swift */ = {isa = PBXFileReference; lastKnownFileType = sourcecode.swift; path = AppFlow.swift; sourceTree = "<group>"; };
		7DB1FAE32727E1C900113EAC /* BlogStep.swift */ = {isa = PBXFileReference; lastKnownFileType = sourcecode.swift; path = BlogStep.swift; sourceTree = "<group>"; };
		7DB1FAE82727E2E200113EAC /* BaseViewController.swift */ = {isa = PBXFileReference; lastKnownFileType = sourcecode.swift; path = BaseViewController.swift; sourceTree = "<group>"; };
		7DB1FAEA2727E39700113EAC /* MainViewReactor.swift */ = {isa = PBXFileReference; lastKnownFileType = sourcecode.swift; path = MainViewReactor.swift; sourceTree = "<group>"; };
		7DB1FAEC2727E89300113EAC /* MainViewController.swift */ = {isa = PBXFileReference; lastKnownFileType = sourcecode.swift; path = MainViewController.swift; sourceTree = "<group>"; };
		7DF6B70827292AA700256376 /* SearchResult.swift */ = {isa = PBXFileReference; lastKnownFileType = sourcecode.swift; path = SearchResult.swift; sourceTree = "<group>"; };
		7DF6B70A27292B0000256376 /* Post.swift */ = {isa = PBXFileReference; lastKnownFileType = sourcecode.swift; path = Post.swift; sourceTree = "<group>"; };
		7DF6B70C27292B8D00256376 /* Meta.swift */ = {isa = PBXFileReference; lastKnownFileType = sourcecode.swift; path = Meta.swift; sourceTree = "<group>"; };
		7DF6B70E272935CC00256376 /* ErrorResponse.swift */ = {isa = PBXFileReference; lastKnownFileType = sourcecode.swift; path = ErrorResponse.swift; sourceTree = "<group>"; };
		7DF6B71227293EDD00256376 /* HandleResponse.swift */ = {isa = PBXFileReference; lastKnownFileType = sourcecode.swift; path = HandleResponse.swift; sourceTree = "<group>"; };
		90426327AAD82909AB918E98 /* Pods-ReactorBlog.debug.xcconfig */ = {isa = PBXFileReference; includeInIndex = 1; lastKnownFileType = text.xcconfig; name = "Pods-ReactorBlog.debug.xcconfig"; path = "Target Support Files/Pods-ReactorBlog/Pods-ReactorBlog.debug.xcconfig"; sourceTree = "<group>"; };
		C78EBC7075434FA04B8FCAC0 /* Pods-ReactorBlog-ReactorBlogUITests.release.xcconfig */ = {isa = PBXFileReference; includeInIndex = 1; lastKnownFileType = text.xcconfig; name = "Pods-ReactorBlog-ReactorBlogUITests.release.xcconfig"; path = "Target Support Files/Pods-ReactorBlog-ReactorBlogUITests/Pods-ReactorBlog-ReactorBlogUITests.release.xcconfig"; sourceTree = "<group>"; };
		DB43C935361D258E6E40E4AA /* Pods-ReactorBlogTests.debug.xcconfig */ = {isa = PBXFileReference; includeInIndex = 1; lastKnownFileType = text.xcconfig; name = "Pods-ReactorBlogTests.debug.xcconfig"; path = "Target Support Files/Pods-ReactorBlogTests/Pods-ReactorBlogTests.debug.xcconfig"; sourceTree = "<group>"; };
/* End PBXFileReference section */

/* Begin PBXFrameworksBuildPhase section */
		7DB1FAA72727DDC100113EAC /* Frameworks */ = {
			isa = PBXFrameworksBuildPhase;
			buildActionMask = 2147483647;
			files = (
				DF5D83E416B0EB6838D33A81 /* Pods_ReactorBlog.framework in Frameworks */,
			);
			runOnlyForDeploymentPostprocessing = 0;
		};
		7DB1FABD2727DDC300113EAC /* Frameworks */ = {
			isa = PBXFrameworksBuildPhase;
			buildActionMask = 2147483647;
			files = (
				4276628F95FA1DAF9E00F0BD /* Pods_ReactorBlogTests.framework in Frameworks */,
			);
			runOnlyForDeploymentPostprocessing = 0;
		};
		7DB1FAC82727DDC300113EAC /* Frameworks */ = {
			isa = PBXFrameworksBuildPhase;
			buildActionMask = 2147483647;
			files = (
				13065FDE0EEDCE47C0439ED6 /* Pods_ReactorBlog_ReactorBlogUITests.framework in Frameworks */,
			);
			runOnlyForDeploymentPostprocessing = 0;
		};
/* End PBXFrameworksBuildPhase section */

/* Begin PBXGroup section */
		1D946E8C6F3772BCA96098B0 /* Frameworks */ = {
			isa = PBXGroup;
			children = (
				40A2680E976DE30472CFA347 /* Pods_ReactorBlog.framework */,
				0B40A32F7AE5EE2CB7BA5D06 /* Pods_ReactorBlog_ReactorBlogUITests.framework */,
				067A669D521B29C6452187D6 /* Pods_ReactorBlogTests.framework */,
			);
			name = Frameworks;
			sourceTree = "<group>";
		};
		7BF2F1DD1E270778EA5BFB2E /* Pods */ = {
			isa = PBXGroup;
			children = (
				90426327AAD82909AB918E98 /* Pods-ReactorBlog.debug.xcconfig */,
				54B610FDE3830E78FBEE6562 /* Pods-ReactorBlog.release.xcconfig */,
				56359EDE3A817081B5CA98E6 /* Pods-ReactorBlog-ReactorBlogUITests.debug.xcconfig */,
				C78EBC7075434FA04B8FCAC0 /* Pods-ReactorBlog-ReactorBlogUITests.release.xcconfig */,
				DB43C935361D258E6E40E4AA /* Pods-ReactorBlogTests.debug.xcconfig */,
				42685D70E68FC56B69ABA720 /* Pods-ReactorBlogTests.release.xcconfig */,
			);
			path = Pods;
			sourceTree = "<group>";
		};
		7D73A4DD2728E0B6001D4991 /* Rx */ = {
			isa = PBXGroup;
			children = (
				7D73A4DE2728E0C3001D4991 /* UITableView+Rx.swift */,
				7D2B18232730C92300768E2E /* UIImageView+Rx.swift */,
			);
			path = Rx;
			sourceTree = "<group>";
		};
		7D73A4E02728E37A001D4991 /* View */ = {
			isa = PBXGroup;
			children = (
				7D73A4E12728E388001D4991 /* TableHeaderView.swift */,
				7D73A50827291507001D4991 /* RefreshControl.swift */,
			);
			path = View;
			sourceTree = "<group>";
		};
		7D73A4E32728E94F001D4991 /* Cell */ = {
			isa = PBXGroup;
			children = (
				7D73A4E42728E953001D4991 /* BaseTableViewCell.swift */,
				7D73A4E62728E9AD001D4991 /* ContentCell.swift */,
				7D73A4EB2728EBD5001D4991 /* ContentCellReactor.swift */,
			);
			path = Cell;
			sourceTree = "<group>";
		};
		7D73A4E82728EAC6001D4991 /* Util */ = {
			isa = PBXGroup;
			children = (
				7D73A4E92728EACF001D4991 /* CGFloatLiteral.swift */,
				7D73A5012728FF5E001D4991 /* Bundle.swift */,
			);
			path = Util;
			sourceTree = "<group>";
		};
		7D73A4ED2728EF74001D4991 /* Service */ = {
			isa = PBXGroup;
			children = (
				7D73A4EE2728EF77001D4991 /* ServiceProviderType.swift */,
				7D73A4F22728EFA7001D4991 /* UserDefaultService.swift */,
				7D73A4F42728EFBE001D4991 /* BaseService.swift */,
				7D73A4F62728F1D9001D4991 /* SearchService.swift */,
			);
			path = Service;
			sourceTree = "<group>";
		};
		7D73A4F82728FD6E001D4991 /* Model */ = {
			isa = PBXGroup;
			children = (
				7DF6B70827292AA700256376 /* SearchResult.swift */,
				7DF6B70A27292B0000256376 /* Post.swift */,
				7DF6B70C27292B8D00256376 /* Meta.swift */,
				7DF6B70E272935CC00256376 /* ErrorResponse.swift */,
			);
			path = Model;
			sourceTree = "<group>";
		};
		7D73A4FB2728FD91001D4991 /* Networking */ = {
			isa = PBXGroup;
			children = (
				7D73A4FC2728FDB2001D4991 /* API */,
				7D73A503272901B1001D4991 /* Networking.swift */,
				7DF6B71227293EDD00256376 /* HandleResponse.swift */,
			);
			path = Networking;
			sourceTree = "<group>";
		};
		7D73A4FC2728FDB2001D4991 /* API */ = {
			isa = PBXGroup;
			children = (
				7D73A4FD2728FDB5001D4991 /* BaseAPI.swift */,
				7D73A4FF2728FE3C001D4991 /* KakaoAPI.swift */,
			);
			path = API;
			sourceTree = "<group>";
		};
		7D73A505272912B7001D4991 /* Extension */ = {
			isa = PBXGroup;
			children = (
				7D73A506272912BE001D4991 /* Extension+DateFormatter.swift */,
				7D2B18252730CA5700768E2E /* Extension+String.swift */,
			);
			path = Extension;
			sourceTree = "<group>";
		};
		7DB1FAA12727DDC100113EAC = {
			isa = PBXGroup;
			children = (
				7DB1FAAC2727DDC100113EAC /* ReactorBlog */,
				7DB1FAC32727DDC300113EAC /* ReactorBlogTests */,
				7DB1FACE2727DDC300113EAC /* ReactorBlogUITests */,
				7DB1FAAB2727DDC100113EAC /* Products */,
				7BF2F1DD1E270778EA5BFB2E /* Pods */,
				1D946E8C6F3772BCA96098B0 /* Frameworks */,
			);
			sourceTree = "<group>";
		};
		7DB1FAAB2727DDC100113EAC /* Products */ = {
			isa = PBXGroup;
			children = (
				7DB1FAAA2727DDC100113EAC /* ReactorBlog.app */,
				7DB1FAC02727DDC300113EAC /* ReactorBlogTests.xctest */,
				7DB1FACB2727DDC300113EAC /* ReactorBlogUITests.xctest */,
			);
			name = Products;
			sourceTree = "<group>";
		};
		7DB1FAAC2727DDC100113EAC /* ReactorBlog */ = {
			isa = PBXGroup;
			children = (
				7D73A505272912B7001D4991 /* Extension */,
				7D73A4FB2728FD91001D4991 /* Networking */,
				7D73A4F82728FD6E001D4991 /* Model */,
				7D73A4ED2728EF74001D4991 /* Service */,
				7D73A4E82728EAC6001D4991 /* Util */,
				7D73A4E32728E94F001D4991 /* Cell */,
				7D73A4E02728E37A001D4991 /* View */,
				7D73A4DD2728E0B6001D4991 /* Rx */,
				7DB1FAE52727E2BD00113EAC /* Scene */,
				7DB1FAE02727E03D00113EAC /* Flow */,
				7DB1FAAD2727DDC100113EAC /* AppDelegate.swift */,
				7DB1FAB62727DDC200113EAC /* Assets.xcassets */,
				7DB1FAB82727DDC200113EAC /* LaunchScreen.storyboard */,
				7DB1FABB2727DDC200113EAC /* Info.plist */,
			);
			path = ReactorBlog;
			sourceTree = "<group>";
		};
		7DB1FAC32727DDC300113EAC /* ReactorBlogTests */ = {
			isa = PBXGroup;
			children = (
				7DB1FADF2727DE8100113EAC /* Stub */,
				7DB1FAC42727DDC300113EAC /* ReactorBlogTests.swift */,
				7DB1FAC62727DDC300113EAC /* Info.plist */,
			);
			path = ReactorBlogTests;
			sourceTree = "<group>";
		};
		7DB1FACE2727DDC300113EAC /* ReactorBlogUITests */ = {
			isa = PBXGroup;
			children = (
				7DB1FACF2727DDC300113EAC /* ReactorBlogUITests.swift */,
				7DB1FAD12727DDC300113EAC /* Info.plist */,
			);
			path = ReactorBlogUITests;
			sourceTree = "<group>";
		};
		7DB1FADD2727DE6B00113EAC /* Mock */ = {
			isa = PBXGroup;
			children = (
			);
			path = Mock;
			sourceTree = "<group>";
		};
		7DB1FADE2727DE7500113EAC /* Service */ = {
			isa = PBXGroup;
			children = (
			);
			path = Service;
			sourceTree = "<group>";
		};
		7DB1FADF2727DE8100113EAC /* Stub */ = {
			isa = PBXGroup;
			children = (
				7DB1FADE2727DE7500113EAC /* Service */,
				7DB1FADD2727DE6B00113EAC /* Mock */,
			);
			path = Stub;
			sourceTree = "<group>";
		};
		7DB1FAE02727E03D00113EAC /* Flow */ = {
			isa = PBXGroup;
			children = (
				7DB1FAE12727E06C00113EAC /* AppFlow.swift */,
				7DB1FAE32727E1C900113EAC /* BlogStep.swift */,
			);
			path = Flow;
			sourceTree = "<group>";
		};
		7DB1FAE52727E2BD00113EAC /* Scene */ = {
			isa = PBXGroup;
			children = (
				7DB1FAE72727E2DA00113EAC /* Main */,
				7DB1FAE82727E2E200113EAC /* BaseViewController.swift */,
			);
			path = Scene;
			sourceTree = "<group>";
		};
		7DB1FAE72727E2DA00113EAC /* Main */ = {
			isa = PBXGroup;
			children = (
				7DB1FAEA2727E39700113EAC /* MainViewReactor.swift */,
				7DB1FAEC2727E89300113EAC /* MainViewController.swift */,
			);
			path = Main;
			sourceTree = "<group>";
		};
/* End PBXGroup section */

/* Begin PBXNativeTarget section */
		7DB1FAA92727DDC100113EAC /* ReactorBlog */ = {
			isa = PBXNativeTarget;
			buildConfigurationList = 7DB1FAD42727DDC300113EAC /* Build configuration list for PBXNativeTarget "ReactorBlog" */;
			buildPhases = (
				DFA041B09DCB3CBFFD0FE238 /* [CP] Check Pods Manifest.lock */,
				7DB1FAA62727DDC100113EAC /* Sources */,
				7DB1FAA72727DDC100113EAC /* Frameworks */,
				7DB1FAA82727DDC100113EAC /* Resources */,
				555F37DC0D1C53F980173264 /* [CP] Embed Pods Frameworks */,
			);
			buildRules = (
			);
			dependencies = (
			);
			name = ReactorBlog;
			productName = ReactorBlog;
			productReference = 7DB1FAAA2727DDC100113EAC /* ReactorBlog.app */;
			productType = "com.apple.product-type.application";
		};
		7DB1FABF2727DDC300113EAC /* ReactorBlogTests */ = {
			isa = PBXNativeTarget;
			buildConfigurationList = 7DB1FAD72727DDC300113EAC /* Build configuration list for PBXNativeTarget "ReactorBlogTests" */;
			buildPhases = (
				62DD17334141AEC98C960E48 /* [CP] Check Pods Manifest.lock */,
				7DB1FABC2727DDC300113EAC /* Sources */,
				7DB1FABD2727DDC300113EAC /* Frameworks */,
				7DB1FABE2727DDC300113EAC /* Resources */,
				AAB2390B1E2F1A083B8A71AE /* [CP] Embed Pods Frameworks */,
			);
			buildRules = (
			);
			dependencies = (
				7DB1FAC22727DDC300113EAC /* PBXTargetDependency */,
			);
			name = ReactorBlogTests;
			productName = ReactorBlogTests;
			productReference = 7DB1FAC02727DDC300113EAC /* ReactorBlogTests.xctest */;
			productType = "com.apple.product-type.bundle.unit-test";
		};
		7DB1FACA2727DDC300113EAC /* ReactorBlogUITests */ = {
			isa = PBXNativeTarget;
			buildConfigurationList = 7DB1FADA2727DDC300113EAC /* Build configuration list for PBXNativeTarget "ReactorBlogUITests" */;
			buildPhases = (
				D5A9891FBFE1BE5F28D707BD /* [CP] Check Pods Manifest.lock */,
				7DB1FAC72727DDC300113EAC /* Sources */,
				7DB1FAC82727DDC300113EAC /* Frameworks */,
				7DB1FAC92727DDC300113EAC /* Resources */,
				309F4756D6024AE87F57DF88 /* [CP] Embed Pods Frameworks */,
			);
			buildRules = (
			);
			dependencies = (
				7DB1FACD2727DDC300113EAC /* PBXTargetDependency */,
			);
			name = ReactorBlogUITests;
			productName = ReactorBlogUITests;
			productReference = 7DB1FACB2727DDC300113EAC /* ReactorBlogUITests.xctest */;
			productType = "com.apple.product-type.bundle.ui-testing";
		};
/* End PBXNativeTarget section */

/* Begin PBXProject section */
		7DB1FAA22727DDC100113EAC /* Project object */ = {
			isa = PBXProject;
			attributes = {
				LastSwiftUpdateCheck = 1250;
				LastUpgradeCheck = 1250;
				TargetAttributes = {
					7DB1FAA92727DDC100113EAC = {
						CreatedOnToolsVersion = 12.5;
					};
					7DB1FABF2727DDC300113EAC = {
						CreatedOnToolsVersion = 12.5;
						TestTargetID = 7DB1FAA92727DDC100113EAC;
					};
					7DB1FACA2727DDC300113EAC = {
						CreatedOnToolsVersion = 12.5;
						TestTargetID = 7DB1FAA92727DDC100113EAC;
					};
				};
			};
			buildConfigurationList = 7DB1FAA52727DDC100113EAC /* Build configuration list for PBXProject "ReactorBlog" */;
			compatibilityVersion = "Xcode 9.3";
			developmentRegion = en;
			hasScannedForEncodings = 0;
			knownRegions = (
				en,
				Base,
			);
			mainGroup = 7DB1FAA12727DDC100113EAC;
			productRefGroup = 7DB1FAAB2727DDC100113EAC /* Products */;
			projectDirPath = "";
			projectRoot = "";
			targets = (
				7DB1FAA92727DDC100113EAC /* ReactorBlog */,
				7DB1FABF2727DDC300113EAC /* ReactorBlogTests */,
				7DB1FACA2727DDC300113EAC /* ReactorBlogUITests */,
			);
		};
/* End PBXProject section */

/* Begin PBXResourcesBuildPhase section */
		7DB1FAA82727DDC100113EAC /* Resources */ = {
			isa = PBXResourcesBuildPhase;
			buildActionMask = 2147483647;
			files = (
				7DB1FABA2727DDC200113EAC /* LaunchScreen.storyboard in Resources */,
				7DB1FAB72727DDC200113EAC /* Assets.xcassets in Resources */,
			);
			runOnlyForDeploymentPostprocessing = 0;
		};
		7DB1FABE2727DDC300113EAC /* Resources */ = {
			isa = PBXResourcesBuildPhase;
			buildActionMask = 2147483647;
			files = (
			);
			runOnlyForDeploymentPostprocessing = 0;
		};
		7DB1FAC92727DDC300113EAC /* Resources */ = {
			isa = PBXResourcesBuildPhase;
			buildActionMask = 2147483647;
			files = (
			);
			runOnlyForDeploymentPostprocessing = 0;
		};
/* End PBXResourcesBuildPhase section */

/* Begin PBXShellScriptBuildPhase section */
		309F4756D6024AE87F57DF88 /* [CP] Embed Pods Frameworks */ = {
			isa = PBXShellScriptBuildPhase;
			buildActionMask = 2147483647;
			files = (
			);
			inputFileListPaths = (
				"${PODS_ROOT}/Target Support Files/Pods-ReactorBlog-ReactorBlogUITests/Pods-ReactorBlog-ReactorBlogUITests-frameworks-${CONFIGURATION}-input-files.xcfilelist",
			);
			name = "[CP] Embed Pods Frameworks";
			outputFileListPaths = (
				"${PODS_ROOT}/Target Support Files/Pods-ReactorBlog-ReactorBlogUITests/Pods-ReactorBlog-ReactorBlogUITests-frameworks-${CONFIGURATION}-output-files.xcfilelist",
			);
			runOnlyForDeploymentPostprocessing = 0;
			shellPath = /bin/sh;
			shellScript = "\"${PODS_ROOT}/Target Support Files/Pods-ReactorBlog-ReactorBlogUITests/Pods-ReactorBlog-ReactorBlogUITests-frameworks.sh\"\n";
			showEnvVarsInLog = 0;
		};
		555F37DC0D1C53F980173264 /* [CP] Embed Pods Frameworks */ = {
			isa = PBXShellScriptBuildPhase;
			buildActionMask = 2147483647;
			files = (
			);
			inputFileListPaths = (
				"${PODS_ROOT}/Target Support Files/Pods-ReactorBlog/Pods-ReactorBlog-frameworks-${CONFIGURATION}-input-files.xcfilelist",
			);
			name = "[CP] Embed Pods Frameworks";
			outputFileListPaths = (
				"${PODS_ROOT}/Target Support Files/Pods-ReactorBlog/Pods-ReactorBlog-frameworks-${CONFIGURATION}-output-files.xcfilelist",
			);
			runOnlyForDeploymentPostprocessing = 0;
			shellPath = /bin/sh;
			shellScript = "\"${PODS_ROOT}/Target Support Files/Pods-ReactorBlog/Pods-ReactorBlog-frameworks.sh\"\n";
			showEnvVarsInLog = 0;
		};
		62DD17334141AEC98C960E48 /* [CP] Check Pods Manifest.lock */ = {
			isa = PBXShellScriptBuildPhase;
			buildActionMask = 2147483647;
			files = (
			);
			inputFileListPaths = (
			);
			inputPaths = (
				"${PODS_PODFILE_DIR_PATH}/Podfile.lock",
				"${PODS_ROOT}/Manifest.lock",
			);
			name = "[CP] Check Pods Manifest.lock";
			outputFileListPaths = (
			);
			outputPaths = (
				"$(DERIVED_FILE_DIR)/Pods-ReactorBlogTests-checkManifestLockResult.txt",
			);
			runOnlyForDeploymentPostprocessing = 0;
			shellPath = /bin/sh;
			shellScript = "diff \"${PODS_PODFILE_DIR_PATH}/Podfile.lock\" \"${PODS_ROOT}/Manifest.lock\" > /dev/null\nif [ $? != 0 ] ; then\n    # print error to STDERR\n    echo \"error: The sandbox is not in sync with the Podfile.lock. Run 'pod install' or update your CocoaPods installation.\" >&2\n    exit 1\nfi\n# This output is used by Xcode 'outputs' to avoid re-running this script phase.\necho \"SUCCESS\" > \"${SCRIPT_OUTPUT_FILE_0}\"\n";
			showEnvVarsInLog = 0;
		};
		AAB2390B1E2F1A083B8A71AE /* [CP] Embed Pods Frameworks */ = {
			isa = PBXShellScriptBuildPhase;
			buildActionMask = 2147483647;
			files = (
			);
			inputFileListPaths = (
				"${PODS_ROOT}/Target Support Files/Pods-ReactorBlogTests/Pods-ReactorBlogTests-frameworks-${CONFIGURATION}-input-files.xcfilelist",
			);
			name = "[CP] Embed Pods Frameworks";
			outputFileListPaths = (
				"${PODS_ROOT}/Target Support Files/Pods-ReactorBlogTests/Pods-ReactorBlogTests-frameworks-${CONFIGURATION}-output-files.xcfilelist",
			);
			runOnlyForDeploymentPostprocessing = 0;
			shellPath = /bin/sh;
			shellScript = "\"${PODS_ROOT}/Target Support Files/Pods-ReactorBlogTests/Pods-ReactorBlogTests-frameworks.sh\"\n";
			showEnvVarsInLog = 0;
		};
		D5A9891FBFE1BE5F28D707BD /* [CP] Check Pods Manifest.lock */ = {
			isa = PBXShellScriptBuildPhase;
			buildActionMask = 2147483647;
			files = (
			);
			inputFileListPaths = (
			);
			inputPaths = (
				"${PODS_PODFILE_DIR_PATH}/Podfile.lock",
				"${PODS_ROOT}/Manifest.lock",
			);
			name = "[CP] Check Pods Manifest.lock";
			outputFileListPaths = (
			);
			outputPaths = (
				"$(DERIVED_FILE_DIR)/Pods-ReactorBlog-ReactorBlogUITests-checkManifestLockResult.txt",
			);
			runOnlyForDeploymentPostprocessing = 0;
			shellPath = /bin/sh;
			shellScript = "diff \"${PODS_PODFILE_DIR_PATH}/Podfile.lock\" \"${PODS_ROOT}/Manifest.lock\" > /dev/null\nif [ $? != 0 ] ; then\n    # print error to STDERR\n    echo \"error: The sandbox is not in sync with the Podfile.lock. Run 'pod install' or update your CocoaPods installation.\" >&2\n    exit 1\nfi\n# This output is used by Xcode 'outputs' to avoid re-running this script phase.\necho \"SUCCESS\" > \"${SCRIPT_OUTPUT_FILE_0}\"\n";
			showEnvVarsInLog = 0;
		};
		DFA041B09DCB3CBFFD0FE238 /* [CP] Check Pods Manifest.lock */ = {
			isa = PBXShellScriptBuildPhase;
			buildActionMask = 2147483647;
			files = (
			);
			inputFileListPaths = (
			);
			inputPaths = (
				"${PODS_PODFILE_DIR_PATH}/Podfile.lock",
				"${PODS_ROOT}/Manifest.lock",
			);
			name = "[CP] Check Pods Manifest.lock";
			outputFileListPaths = (
			);
			outputPaths = (
				"$(DERIVED_FILE_DIR)/Pods-ReactorBlog-checkManifestLockResult.txt",
			);
			runOnlyForDeploymentPostprocessing = 0;
			shellPath = /bin/sh;
			shellScript = "diff \"${PODS_PODFILE_DIR_PATH}/Podfile.lock\" \"${PODS_ROOT}/Manifest.lock\" > /dev/null\nif [ $? != 0 ] ; then\n    # print error to STDERR\n    echo \"error: The sandbox is not in sync with the Podfile.lock. Run 'pod install' or update your CocoaPods installation.\" >&2\n    exit 1\nfi\n# This output is used by Xcode 'outputs' to avoid re-running this script phase.\necho \"SUCCESS\" > \"${SCRIPT_OUTPUT_FILE_0}\"\n";
			showEnvVarsInLog = 0;
		};
/* End PBXShellScriptBuildPhase section */

/* Begin PBXSourcesBuildPhase section */
		7DB1FAA62727DDC100113EAC /* Sources */ = {
			isa = PBXSourcesBuildPhase;
			buildActionMask = 2147483647;
			files = (
				7DF6B70927292AA700256376 /* SearchResult.swift in Sources */,
				7DB1FAE42727E1C900113EAC /* BlogStep.swift in Sources */,
				7D73A4DF2728E0C3001D4991 /* UITableView+Rx.swift in Sources */,
				7DF6B70B27292B0000256376 /* Post.swift in Sources */,
				7D73A4EC2728EBD5001D4991 /* ContentCellReactor.swift in Sources */,
				7D73A5022728FF5E001D4991 /* Bundle.swift in Sources */,
				7DB1FAE92727E2E200113EAC /* BaseViewController.swift in Sources */,
				7DB1FAEB2727E39700113EAC /* MainViewReactor.swift in Sources */,
				7D73A4F72728F1D9001D4991 /* SearchService.swift in Sources */,
				7D73A5002728FE3C001D4991 /* KakaoAPI.swift in Sources */,
				7D73A4E52728E953001D4991 /* BaseTableViewCell.swift in Sources */,
				7D73A4E22728E388001D4991 /* TableHeaderView.swift in Sources */,
				7D73A4EA2728EACF001D4991 /* CGFloatLiteral.swift in Sources */,
				7D73A504272901B1001D4991 /* Networking.swift in Sources */,
				7D73A4F52728EFBE001D4991 /* BaseService.swift in Sources */,
				7D73A4F32728EFA7001D4991 /* UserDefaultService.swift in Sources */,
				7D73A4EF2728EF77001D4991 /* ServiceProviderType.swift in Sources */,
				7D73A507272912BE001D4991 /* Extension+DateFormatter.swift in Sources */,
				7DB1FAED2727E89300113EAC /* MainViewController.swift in Sources */,
				7D73A4E72728E9AD001D4991 /* ContentCell.swift in Sources */,
				7D73A4FE2728FDB5001D4991 /* BaseAPI.swift in Sources */,
				7DF6B71327293EDD00256376 /* HandleResponse.swift in Sources */,
				7DB1FAAE2727DDC100113EAC /* AppDelegate.swift in Sources */,
				7DB1FAE22727E06C00113EAC /* AppFlow.swift in Sources */,
				7D2B18242730C92300768E2E /* UIImageView+Rx.swift in Sources */,
				7DF6B70D27292B8D00256376 /* Meta.swift in Sources */,
				7D73A50927291507001D4991 /* RefreshControl.swift in Sources */,
				7DF6B70F272935CC00256376 /* ErrorResponse.swift in Sources */,
				7D2B18262730CA5700768E2E /* Extension+String.swift in Sources */,
			);
			runOnlyForDeploymentPostprocessing = 0;
		};
		7DB1FABC2727DDC300113EAC /* Sources */ = {
			isa = PBXSourcesBuildPhase;
			buildActionMask = 2147483647;
			files = (
				7DB1FAC52727DDC300113EAC /* ReactorBlogTests.swift in Sources */,
			);
			runOnlyForDeploymentPostprocessing = 0;
		};
		7DB1FAC72727DDC300113EAC /* Sources */ = {
			isa = PBXSourcesBuildPhase;
			buildActionMask = 2147483647;
			files = (
				7DB1FAD02727DDC300113EAC /* ReactorBlogUITests.swift in Sources */,
			);
			runOnlyForDeploymentPostprocessing = 0;
		};
/* End PBXSourcesBuildPhase section */

/* Begin PBXTargetDependency section */
		7DB1FAC22727DDC300113EAC /* PBXTargetDependency */ = {
			isa = PBXTargetDependency;
			target = 7DB1FAA92727DDC100113EAC /* ReactorBlog */;
			targetProxy = 7DB1FAC12727DDC300113EAC /* PBXContainerItemProxy */;
		};
		7DB1FACD2727DDC300113EAC /* PBXTargetDependency */ = {
			isa = PBXTargetDependency;
			target = 7DB1FAA92727DDC100113EAC /* ReactorBlog */;
			targetProxy = 7DB1FACC2727DDC300113EAC /* PBXContainerItemProxy */;
		};
/* End PBXTargetDependency section */

/* Begin PBXVariantGroup section */
		7DB1FAB82727DDC200113EAC /* LaunchScreen.storyboard */ = {
			isa = PBXVariantGroup;
			children = (
				7DB1FAB92727DDC200113EAC /* Base */,
			);
			name = LaunchScreen.storyboard;
			sourceTree = "<group>";
		};
/* End PBXVariantGroup section */

/* Begin XCBuildConfiguration section */
		7DB1FAD22727DDC300113EAC /* Debug */ = {
			isa = XCBuildConfiguration;
			buildSettings = {
				ALWAYS_SEARCH_USER_PATHS = NO;
				CLANG_ANALYZER_NONNULL = YES;
				CLANG_ANALYZER_NUMBER_OBJECT_CONVERSION = YES_AGGRESSIVE;
				CLANG_CXX_LANGUAGE_STANDARD = "gnu++14";
				CLANG_CXX_LIBRARY = "libc++";
				CLANG_ENABLE_MODULES = YES;
				CLANG_ENABLE_OBJC_ARC = YES;
				CLANG_ENABLE_OBJC_WEAK = YES;
				CLANG_WARN_BLOCK_CAPTURE_AUTORELEASING = YES;
				CLANG_WARN_BOOL_CONVERSION = YES;
				CLANG_WARN_COMMA = YES;
				CLANG_WARN_CONSTANT_CONVERSION = YES;
				CLANG_WARN_DEPRECATED_OBJC_IMPLEMENTATIONS = YES;
				CLANG_WARN_DIRECT_OBJC_ISA_USAGE = YES_ERROR;
				CLANG_WARN_DOCUMENTATION_COMMENTS = YES;
				CLANG_WARN_EMPTY_BODY = YES;
				CLANG_WARN_ENUM_CONVERSION = YES;
				CLANG_WARN_INFINITE_RECURSION = YES;
				CLANG_WARN_INT_CONVERSION = YES;
				CLANG_WARN_NON_LITERAL_NULL_CONVERSION = YES;
				CLANG_WARN_OBJC_IMPLICIT_RETAIN_SELF = YES;
				CLANG_WARN_OBJC_LITERAL_CONVERSION = YES;
				CLANG_WARN_OBJC_ROOT_CLASS = YES_ERROR;
				CLANG_WARN_QUOTED_INCLUDE_IN_FRAMEWORK_HEADER = YES;
				CLANG_WARN_RANGE_LOOP_ANALYSIS = YES;
				CLANG_WARN_STRICT_PROTOTYPES = YES;
				CLANG_WARN_SUSPICIOUS_MOVE = YES;
				CLANG_WARN_UNGUARDED_AVAILABILITY = YES_AGGRESSIVE;
				CLANG_WARN_UNREACHABLE_CODE = YES;
				CLANG_WARN__DUPLICATE_METHOD_MATCH = YES;
				COPY_PHASE_STRIP = NO;
				DEBUG_INFORMATION_FORMAT = dwarf;
				ENABLE_STRICT_OBJC_MSGSEND = YES;
				ENABLE_TESTABILITY = YES;
				GCC_C_LANGUAGE_STANDARD = gnu11;
				GCC_DYNAMIC_NO_PIC = NO;
				GCC_NO_COMMON_BLOCKS = YES;
				GCC_OPTIMIZATION_LEVEL = 0;
				GCC_PREPROCESSOR_DEFINITIONS = (
					"DEBUG=1",
					"$(inherited)",
				);
				GCC_WARN_64_TO_32_BIT_CONVERSION = YES;
				GCC_WARN_ABOUT_RETURN_TYPE = YES_ERROR;
				GCC_WARN_UNDECLARED_SELECTOR = YES;
				GCC_WARN_UNINITIALIZED_AUTOS = YES_AGGRESSIVE;
				GCC_WARN_UNUSED_FUNCTION = YES;
				GCC_WARN_UNUSED_VARIABLE = YES;
				IPHONEOS_DEPLOYMENT_TARGET = 14.5;
				MTL_ENABLE_DEBUG_INFO = INCLUDE_SOURCE;
				MTL_FAST_MATH = YES;
				ONLY_ACTIVE_ARCH = YES;
				SDKROOT = iphoneos;
				SWIFT_ACTIVE_COMPILATION_CONDITIONS = DEBUG;
				SWIFT_OPTIMIZATION_LEVEL = "-Onone";
			};
			name = Debug;
		};
		7DB1FAD32727DDC300113EAC /* Release */ = {
			isa = XCBuildConfiguration;
			buildSettings = {
				ALWAYS_SEARCH_USER_PATHS = NO;
				CLANG_ANALYZER_NONNULL = YES;
				CLANG_ANALYZER_NUMBER_OBJECT_CONVERSION = YES_AGGRESSIVE;
				CLANG_CXX_LANGUAGE_STANDARD = "gnu++14";
				CLANG_CXX_LIBRARY = "libc++";
				CLANG_ENABLE_MODULES = YES;
				CLANG_ENABLE_OBJC_ARC = YES;
				CLANG_ENABLE_OBJC_WEAK = YES;
				CLANG_WARN_BLOCK_CAPTURE_AUTORELEASING = YES;
				CLANG_WARN_BOOL_CONVERSION = YES;
				CLANG_WARN_COMMA = YES;
				CLANG_WARN_CONSTANT_CONVERSION = YES;
				CLANG_WARN_DEPRECATED_OBJC_IMPLEMENTATIONS = YES;
				CLANG_WARN_DIRECT_OBJC_ISA_USAGE = YES_ERROR;
				CLANG_WARN_DOCUMENTATION_COMMENTS = YES;
				CLANG_WARN_EMPTY_BODY = YES;
				CLANG_WARN_ENUM_CONVERSION = YES;
				CLANG_WARN_INFINITE_RECURSION = YES;
				CLANG_WARN_INT_CONVERSION = YES;
				CLANG_WARN_NON_LITERAL_NULL_CONVERSION = YES;
				CLANG_WARN_OBJC_IMPLICIT_RETAIN_SELF = YES;
				CLANG_WARN_OBJC_LITERAL_CONVERSION = YES;
				CLANG_WARN_OBJC_ROOT_CLASS = YES_ERROR;
				CLANG_WARN_QUOTED_INCLUDE_IN_FRAMEWORK_HEADER = YES;
				CLANG_WARN_RANGE_LOOP_ANALYSIS = YES;
				CLANG_WARN_STRICT_PROTOTYPES = YES;
				CLANG_WARN_SUSPICIOUS_MOVE = YES;
				CLANG_WARN_UNGUARDED_AVAILABILITY = YES_AGGRESSIVE;
				CLANG_WARN_UNREACHABLE_CODE = YES;
				CLANG_WARN__DUPLICATE_METHOD_MATCH = YES;
				COPY_PHASE_STRIP = NO;
				DEBUG_INFORMATION_FORMAT = "dwarf-with-dsym";
				ENABLE_NS_ASSERTIONS = NO;
				ENABLE_STRICT_OBJC_MSGSEND = YES;
				GCC_C_LANGUAGE_STANDARD = gnu11;
				GCC_NO_COMMON_BLOCKS = YES;
				GCC_WARN_64_TO_32_BIT_CONVERSION = YES;
				GCC_WARN_ABOUT_RETURN_TYPE = YES_ERROR;
				GCC_WARN_UNDECLARED_SELECTOR = YES;
				GCC_WARN_UNINITIALIZED_AUTOS = YES_AGGRESSIVE;
				GCC_WARN_UNUSED_FUNCTION = YES;
				GCC_WARN_UNUSED_VARIABLE = YES;
				IPHONEOS_DEPLOYMENT_TARGET = 14.5;
				MTL_ENABLE_DEBUG_INFO = NO;
				MTL_FAST_MATH = YES;
				SDKROOT = iphoneos;
				SWIFT_COMPILATION_MODE = wholemodule;
				SWIFT_OPTIMIZATION_LEVEL = "-O";
				VALIDATE_PRODUCT = YES;
			};
			name = Release;
		};
		7DB1FAD52727DDC300113EAC /* Debug */ = {
			isa = XCBuildConfiguration;
			baseConfigurationReference = 90426327AAD82909AB918E98 /* Pods-ReactorBlog.debug.xcconfig */;
			buildSettings = {
				ASSETCATALOG_COMPILER_APPICON_NAME = AppIcon;
				ASSETCATALOG_COMPILER_GLOBAL_ACCENT_COLOR_NAME = AccentColor;
				CODE_SIGN_STYLE = Automatic;
				DEVELOPMENT_TEAM = JH6HFBQXT6;
				INFOPLIST_FILE = ReactorBlog/Info.plist;
				LD_RUNPATH_SEARCH_PATHS = (
					"$(inherited)",
					"@executable_path/Frameworks",
				);
				PRODUCT_BUNDLE_IDENTIFIER = kr.miiiiiin.itcha.ReactorBlog;
				PRODUCT_NAME = "$(TARGET_NAME)";
				SWIFT_VERSION = 5.0;
				TARGETED_DEVICE_FAMILY = "1,2";
			};
			name = Debug;
		};
		7DB1FAD62727DDC300113EAC /* Release */ = {
			isa = XCBuildConfiguration;
			baseConfigurationReference = 54B610FDE3830E78FBEE6562 /* Pods-ReactorBlog.release.xcconfig */;
			buildSettings = {
				ASSETCATALOG_COMPILER_APPICON_NAME = AppIcon;
				ASSETCATALOG_COMPILER_GLOBAL_ACCENT_COLOR_NAME = AccentColor;
				CODE_SIGN_STYLE = Automatic;
				DEVELOPMENT_TEAM = JH6HFBQXT6;
				INFOPLIST_FILE = ReactorBlog/Info.plist;
				LD_RUNPATH_SEARCH_PATHS = (
					"$(inherited)",
					"@executable_path/Frameworks",
				);
				PRODUCT_BUNDLE_IDENTIFIER = kr.miiiiiin.itcha.ReactorBlog;
				PRODUCT_NAME = "$(TARGET_NAME)";
				SWIFT_VERSION = 5.0;
				TARGETED_DEVICE_FAMILY = "1,2";
			};
			name = Release;
		};
		7DB1FAD82727DDC300113EAC /* Debug */ = {
			isa = XCBuildConfiguration;
			baseConfigurationReference = DB43C935361D258E6E40E4AA /* Pods-ReactorBlogTests.debug.xcconfig */;
			buildSettings = {
				ALWAYS_EMBED_SWIFT_STANDARD_LIBRARIES = YES;
				BUNDLE_LOADER = "$(TEST_HOST)";
				CODE_SIGN_STYLE = Automatic;
				DEVELOPMENT_TEAM = JH6HFBQXT6;
				INFOPLIST_FILE = ReactorBlogTests/Info.plist;
				IPHONEOS_DEPLOYMENT_TARGET = 14.5;
				LD_RUNPATH_SEARCH_PATHS = (
					"$(inherited)",
					"@executable_path/Frameworks",
					"@loader_path/Frameworks",
				);
				PRODUCT_BUNDLE_IDENTIFIER = kr.miiiiiin.itcha.ReactorBlogTests;
				PRODUCT_NAME = "$(TARGET_NAME)";
				SWIFT_VERSION = 5.0;
				TARGETED_DEVICE_FAMILY = "1,2";
				TEST_HOST = "$(BUILT_PRODUCTS_DIR)/ReactorBlog.app/ReactorBlog";
			};
			name = Debug;
		};
		7DB1FAD92727DDC300113EAC /* Release */ = {
			isa = XCBuildConfiguration;
			baseConfigurationReference = 42685D70E68FC56B69ABA720 /* Pods-ReactorBlogTests.release.xcconfig */;
			buildSettings = {
				ALWAYS_EMBED_SWIFT_STANDARD_LIBRARIES = YES;
				BUNDLE_LOADER = "$(TEST_HOST)";
				CODE_SIGN_STYLE = Automatic;
				DEVELOPMENT_TEAM = JH6HFBQXT6;
				INFOPLIST_FILE = ReactorBlogTests/Info.plist;
				IPHONEOS_DEPLOYMENT_TARGET = 14.5;
				LD_RUNPATH_SEARCH_PATHS = (
					"$(inherited)",
					"@executable_path/Frameworks",
					"@loader_path/Frameworks",
				);
				PRODUCT_BUNDLE_IDENTIFIER = kr.miiiiiin.itcha.ReactorBlogTests;
				PRODUCT_NAME = "$(TARGET_NAME)";
				SWIFT_VERSION = 5.0;
				TARGETED_DEVICE_FAMILY = "1,2";
				TEST_HOST = "$(BUILT_PRODUCTS_DIR)/ReactorBlog.app/ReactorBlog";
			};
			name = Release;
		};
		7DB1FADB2727DDC300113EAC /* Debug */ = {
			isa = XCBuildConfiguration;
			baseConfigurationReference = 56359EDE3A817081B5CA98E6 /* Pods-ReactorBlog-ReactorBlogUITests.debug.xcconfig */;
			buildSettings = {
				ALWAYS_EMBED_SWIFT_STANDARD_LIBRARIES = YES;
				CODE_SIGN_STYLE = Automatic;
				DEVELOPMENT_TEAM = JH6HFBQXT6;
				INFOPLIST_FILE = ReactorBlogUITests/Info.plist;
				LD_RUNPATH_SEARCH_PATHS = (
					"$(inherited)",
					"@executable_path/Frameworks",
					"@loader_path/Frameworks",
				);
				PRODUCT_BUNDLE_IDENTIFIER = kr.miiiiiin.itcha.ReactorBlogUITests;
				PRODUCT_NAME = "$(TARGET_NAME)";
				SWIFT_VERSION = 5.0;
				TARGETED_DEVICE_FAMILY = "1,2";
				TEST_TARGET_NAME = ReactorBlog;
			};
			name = Debug;
		};
		7DB1FADC2727DDC300113EAC /* Release */ = {
			isa = XCBuildConfiguration;
			baseConfigurationReference = C78EBC7075434FA04B8FCAC0 /* Pods-ReactorBlog-ReactorBlogUITests.release.xcconfig */;
			buildSettings = {
				ALWAYS_EMBED_SWIFT_STANDARD_LIBRARIES = YES;
				CODE_SIGN_STYLE = Automatic;
				DEVELOPMENT_TEAM = JH6HFBQXT6;
				INFOPLIST_FILE = ReactorBlogUITests/Info.plist;
				LD_RUNPATH_SEARCH_PATHS = (
					"$(inherited)",
					"@executable_path/Frameworks",
					"@loader_path/Frameworks",
				);
				PRODUCT_BUNDLE_IDENTIFIER = kr.miiiiiin.itcha.ReactorBlogUITests;
				PRODUCT_NAME = "$(TARGET_NAME)";
				SWIFT_VERSION = 5.0;
				TARGETED_DEVICE_FAMILY = "1,2";
				TEST_TARGET_NAME = ReactorBlog;
			};
			name = Release;
		};
/* End XCBuildConfiguration section */

/* Begin XCConfigurationList section */
		7DB1FAA52727DDC100113EAC /* Build configuration list for PBXProject "ReactorBlog" */ = {
			isa = XCConfigurationList;
			buildConfigurations = (
				7DB1FAD22727DDC300113EAC /* Debug */,
				7DB1FAD32727DDC300113EAC /* Release */,
			);
			defaultConfigurationIsVisible = 0;
			defaultConfigurationName = Release;
		};
		7DB1FAD42727DDC300113EAC /* Build configuration list for PBXNativeTarget "ReactorBlog" */ = {
			isa = XCConfigurationList;
			buildConfigurations = (
				7DB1FAD52727DDC300113EAC /* Debug */,
				7DB1FAD62727DDC300113EAC /* Release */,
			);
			defaultConfigurationIsVisible = 0;
			defaultConfigurationName = Release;
		};
		7DB1FAD72727DDC300113EAC /* Build configuration list for PBXNativeTarget "ReactorBlogTests" */ = {
			isa = XCConfigurationList;
			buildConfigurations = (
				7DB1FAD82727DDC300113EAC /* Debug */,
				7DB1FAD92727DDC300113EAC /* Release */,
			);
			defaultConfigurationIsVisible = 0;
			defaultConfigurationName = Release;
		};
		7DB1FADA2727DDC300113EAC /* Build configuration list for PBXNativeTarget "ReactorBlogUITests" */ = {
			isa = XCConfigurationList;
			buildConfigurations = (
				7DB1FADB2727DDC300113EAC /* Debug */,
				7DB1FADC2727DDC300113EAC /* Release */,
			);
			defaultConfigurationIsVisible = 0;
			defaultConfigurationName = Release;
		};
/* End XCConfigurationList section */
	};
	rootObject = 7DB1FAA22727DDC100113EAC /* Project object */;
}
