// !$*UTF8*$!
{
	archiveVersion = 1;
	classes = {
	};
	objectVersion = 51;
	objects = {

/* Begin PBXBuildFile section */
		2F25DA0F3E487D7A1BAA3DA4 /* Pods_GitHubTDD_GitHubTDDUITests.framework in Frameworks */ = {isa = PBXBuildFile; fileRef = 64DF2D10CFD08F7CC5B5FD7A /* Pods_GitHubTDD_GitHubTDDUITests.framework */; };
		4E81A7076BCF0931166E9B88 /* Pods_GitHubTDD.framework in Frameworks */ = {isa = PBXBuildFile; fileRef = 44802A109483D397040F09E3 /* Pods_GitHubTDD.framework */; };
		7D0696242718069F002913C7 /* GithubServiceType.swift in Sources */ = {isa = PBXBuildFile; fileRef = 7D0696232718069F002913C7 /* GithubServiceType.swift */; };
		7D069626271806BE002913C7 /* GithubService.swift in Sources */ = {isa = PBXBuildFile; fileRef = 7D069625271806BE002913C7 /* GithubService.swift */; };
		7D06962827180881002913C7 /* Repository.swift in Sources */ = {isa = PBXBuildFile; fileRef = 7D06962727180881002913C7 /* Repository.swift */; };
		7D06962A27180987002913C7 /* SearchedRepositories.swift in Sources */ = {isa = PBXBuildFile; fileRef = 7D06962927180987002913C7 /* SearchedRepositories.swift */; };
		7D06962C271809C2002913C7 /* SearchOption.swift in Sources */ = {isa = PBXBuildFile; fileRef = 7D06962B271809C2002913C7 /* SearchOption.swift */; };
		7D06962E27180A96002913C7 /* RepositorySection.swift in Sources */ = {isa = PBXBuildFile; fileRef = 7D06962D27180A96002913C7 /* RepositorySection.swift */; };
		7D069630271811A9002913C7 /* NetworkRequestProtocol.swift in Sources */ = {isa = PBXBuildFile; fileRef = 7D06962F271811A9002913C7 /* NetworkRequestProtocol.swift */; };
		7D069632271811DC002913C7 /* NetworkRequest.swift in Sources */ = {isa = PBXBuildFile; fileRef = 7D069631271811DC002913C7 /* NetworkRequest.swift */; };
		7D0696342718123D002913C7 /* HTTPMethod.swift in Sources */ = {isa = PBXBuildFile; fileRef = 7D0696332718123D002913C7 /* HTTPMethod.swift */; };
		7D069636271814FD002913C7 /* RequestsError.swift in Sources */ = {isa = PBXBuildFile; fileRef = 7D069635271814FD002913C7 /* RequestsError.swift */; };
		7D06963827181536002913C7 /* HTTPLog.swift in Sources */ = {isa = PBXBuildFile; fileRef = 7D06963727181536002913C7 /* HTTPLog.swift */; };
		7D06963A2718165D002913C7 /* URLRequestBuilder.swift in Sources */ = {isa = PBXBuildFile; fileRef = 7D0696392718165D002913C7 /* URLRequestBuilder.swift */; };
		7D06963C271819C6002913C7 /* Encodable+Dict.swift in Sources */ = {isa = PBXBuildFile; fileRef = 7D06963B271819C6002913C7 /* Encodable+Dict.swift */; };
		7D06963E27181BB6002913C7 /* Data+Decode.swift in Sources */ = {isa = PBXBuildFile; fileRef = 7D06963D27181BB6002913C7 /* Data+Decode.swift */; };
		7D06964027182C1C002913C7 /* LoadingIndicator.swift in Sources */ = {isa = PBXBuildFile; fileRef = 7D06963F27182C1C002913C7 /* LoadingIndicator.swift */; };
		7D119E35271584770036FC89 /* SceneTransitionType.swift in Sources */ = {isa = PBXBuildFile; fileRef = 7D119E34271584770036FC89 /* SceneTransitionType.swift */; };
		7D119E38271584A30036FC89 /* SceneCoordinatorType.swift in Sources */ = {isa = PBXBuildFile; fileRef = 7D119E37271584A30036FC89 /* SceneCoordinatorType.swift */; };
		7D119E3A271584D60036FC89 /* Scene.swift in Sources */ = {isa = PBXBuildFile; fileRef = 7D119E39271584D50036FC89 /* Scene.swift */; };
		7D119E3C271585540036FC89 /* SceneCoordinator.swift in Sources */ = {isa = PBXBuildFile; fileRef = 7D119E3B271585540036FC89 /* SceneCoordinator.swift */; };
		7D1BCF2C270E8A5A00BC42BC /* TestAppDelegate.swift in Sources */ = {isa = PBXBuildFile; fileRef = 7D1BCF2B270E8A5A00BC42BC /* TestAppDelegate.swift */; };
		7D1BCF2E270E8A9F00BC42BC /* SearchViewControllerTest.swift in Sources */ = {isa = PBXBuildFile; fileRef = 7D1BCF2D270E8A9F00BC42BC /* SearchViewControllerTest.swift */; };
		7D1BCF30270E8ABC00BC42BC /* GithubServiceTest.swift in Sources */ = {isa = PBXBuildFile; fileRef = 7D1BCF2F270E8ABC00BC42BC /* GithubServiceTest.swift */; };
		7D1BCF32270E8ADF00BC42BC /* TestError.swift in Sources */ = {isa = PBXBuildFile; fileRef = 7D1BCF31270E8ADF00BC42BC /* TestError.swift */; };
		7D1BCF36270E8CB900BC42BC /* SearchViewController.swift in Sources */ = {isa = PBXBuildFile; fileRef = 7D1BCF35270E8CB900BC42BC /* SearchViewController.swift */; };
		7D1BCF38270E8CCA00BC42BC /* SearchViewModel.swift in Sources */ = {isa = PBXBuildFile; fileRef = 7D1BCF37270E8CCA00BC42BC /* SearchViewModel.swift */; };
		7D46F0C2271674EC00474A51 /* HasDisposeBag.swift in Sources */ = {isa = PBXBuildFile; fileRef = 7D46F0C1271674EC00474A51 /* HasDisposeBag.swift */; };
		7D46F0C42716771800474A51 /* NibForName.swift in Sources */ = {isa = PBXBuildFile; fileRef = 7D46F0C32716771800474A51 /* NibForName.swift */; };
		7D46F0C62716773400474A51 /* SwiftIdentifier.swift in Sources */ = {isa = PBXBuildFile; fileRef = 7D46F0C52716773400474A51 /* SwiftIdentifier.swift */; };
		7D46F0C92716782A00474A51 /* RepositoryCell.swift in Sources */ = {isa = PBXBuildFile; fileRef = 7D46F0C82716782A00474A51 /* RepositoryCell.swift */; };
		7D46F0CB2716783D00474A51 /* RepositoryCell.xib in Resources */ = {isa = PBXBuildFile; fileRef = 7D46F0CA2716783D00474A51 /* RepositoryCell.xib */; };
		7D81BCD8270D85190026A5A3 /* AppDelegate.swift in Sources */ = {isa = PBXBuildFile; fileRef = 7D81BCD7270D85190026A5A3 /* AppDelegate.swift */; };
		7D81BCE1270D851B0026A5A3 /* Assets.xcassets in Resources */ = {isa = PBXBuildFile; fileRef = 7D81BCE0270D851B0026A5A3 /* Assets.xcassets */; };
		7D81BCE4270D851B0026A5A3 /* LaunchScreen.storyboard in Resources */ = {isa = PBXBuildFile; fileRef = 7D81BCE2270D851B0026A5A3 /* LaunchScreen.storyboard */; };
		7D81BCEF270D851B0026A5A3 /* GitHubTDDTests.swift in Sources */ = {isa = PBXBuildFile; fileRef = 7D81BCEE270D851B0026A5A3 /* GitHubTDDTests.swift */; };
		7D81BCFA270D851B0026A5A3 /* GitHubTDDUITests.swift in Sources */ = {isa = PBXBuildFile; fileRef = 7D81BCF9270D851B0026A5A3 /* GitHubTDDUITests.swift */; };
		7DDD34B2271686C0007A724F /* ViewModelBindableType.swift in Sources */ = {isa = PBXBuildFile; fileRef = 7DDD34B1271686C0007A724F /* ViewModelBindableType.swift */; };
		BB8945E9201A88AE522DFD2E /* Pods_GitHubTDDTests.framework in Frameworks */ = {isa = PBXBuildFile; fileRef = 3FB59151CD83DDB374AD36FF /* Pods_GitHubTDDTests.framework */; };
/* End PBXBuildFile section */

/* Begin PBXContainerItemProxy section */
		7D81BCEB270D851B0026A5A3 /* PBXContainerItemProxy */ = {
			isa = PBXContainerItemProxy;
			containerPortal = 7D81BCCC270D85190026A5A3 /* Project object */;
			proxyType = 1;
			remoteGlobalIDString = 7D81BCD3270D85190026A5A3;
			remoteInfo = GitHubTDD;
		};
		7D81BCF6270D851B0026A5A3 /* PBXContainerItemProxy */ = {
			isa = PBXContainerItemProxy;
			containerPortal = 7D81BCCC270D85190026A5A3 /* Project object */;
			proxyType = 1;
			remoteGlobalIDString = 7D81BCD3270D85190026A5A3;
			remoteInfo = GitHubTDD;
		};
/* End PBXContainerItemProxy section */

/* Begin PBXFileReference section */
		0AB7C59E7D80D77D27F9B838 /* Pods-GitHubTDD.debug.xcconfig */ = {isa = PBXFileReference; includeInIndex = 1; lastKnownFileType = text.xcconfig; name = "Pods-GitHubTDD.debug.xcconfig"; path = "Target Support Files/Pods-GitHubTDD/Pods-GitHubTDD.debug.xcconfig"; sourceTree = "<group>"; };
		0DE6525E4B4033FEDE1CC44E /* Pods-GitHubTDDTests.release.xcconfig */ = {isa = PBXFileReference; includeInIndex = 1; lastKnownFileType = text.xcconfig; name = "Pods-GitHubTDDTests.release.xcconfig"; path = "Target Support Files/Pods-GitHubTDDTests/Pods-GitHubTDDTests.release.xcconfig"; sourceTree = "<group>"; };
		3FB59151CD83DDB374AD36FF /* Pods_GitHubTDDTests.framework */ = {isa = PBXFileReference; explicitFileType = wrapper.framework; includeInIndex = 0; path = Pods_GitHubTDDTests.framework; sourceTree = BUILT_PRODUCTS_DIR; };
		44802A109483D397040F09E3 /* Pods_GitHubTDD.framework */ = {isa = PBXFileReference; explicitFileType = wrapper.framework; includeInIndex = 0; path = Pods_GitHubTDD.framework; sourceTree = BUILT_PRODUCTS_DIR; };
		5741733304BB6E10214537E3 /* Pods-GitHubTDD.release.xcconfig */ = {isa = PBXFileReference; includeInIndex = 1; lastKnownFileType = text.xcconfig; name = "Pods-GitHubTDD.release.xcconfig"; path = "Target Support Files/Pods-GitHubTDD/Pods-GitHubTDD.release.xcconfig"; sourceTree = "<group>"; };
		597DB5AA1DA5D2530F14C525 /* Pods-GitHubTDD-GitHubTDDUITests.release.xcconfig */ = {isa = PBXFileReference; includeInIndex = 1; lastKnownFileType = text.xcconfig; name = "Pods-GitHubTDD-GitHubTDDUITests.release.xcconfig"; path = "Target Support Files/Pods-GitHubTDD-GitHubTDDUITests/Pods-GitHubTDD-GitHubTDDUITests.release.xcconfig"; sourceTree = "<group>"; };
		64DF2D10CFD08F7CC5B5FD7A /* Pods_GitHubTDD_GitHubTDDUITests.framework */ = {isa = PBXFileReference; explicitFileType = wrapper.framework; includeInIndex = 0; path = Pods_GitHubTDD_GitHubTDDUITests.framework; sourceTree = BUILT_PRODUCTS_DIR; };
		7D0696232718069F002913C7 /* GithubServiceType.swift */ = {isa = PBXFileReference; lastKnownFileType = sourcecode.swift; path = GithubServiceType.swift; sourceTree = "<group>"; };
		7D069625271806BE002913C7 /* GithubService.swift */ = {isa = PBXFileReference; lastKnownFileType = sourcecode.swift; path = GithubService.swift; sourceTree = "<group>"; };
		7D06962727180881002913C7 /* Repository.swift */ = {isa = PBXFileReference; lastKnownFileType = sourcecode.swift; path = Repository.swift; sourceTree = "<group>"; };
		7D06962927180987002913C7 /* SearchedRepositories.swift */ = {isa = PBXFileReference; lastKnownFileType = sourcecode.swift; path = SearchedRepositories.swift; sourceTree = "<group>"; };
		7D06962B271809C2002913C7 /* SearchOption.swift */ = {isa = PBXFileReference; lastKnownFileType = sourcecode.swift; path = SearchOption.swift; sourceTree = "<group>"; };
		7D06962D27180A96002913C7 /* RepositorySection.swift */ = {isa = PBXFileReference; lastKnownFileType = sourcecode.swift; path = RepositorySection.swift; sourceTree = "<group>"; };
		7D06962F271811A9002913C7 /* NetworkRequestProtocol.swift */ = {isa = PBXFileReference; lastKnownFileType = sourcecode.swift; path = NetworkRequestProtocol.swift; sourceTree = "<group>"; };
		7D069631271811DC002913C7 /* NetworkRequest.swift */ = {isa = PBXFileReference; lastKnownFileType = sourcecode.swift; path = NetworkRequest.swift; sourceTree = "<group>"; };
		7D0696332718123D002913C7 /* HTTPMethod.swift */ = {isa = PBXFileReference; lastKnownFileType = sourcecode.swift; path = HTTPMethod.swift; sourceTree = "<group>"; };
		7D069635271814FD002913C7 /* RequestsError.swift */ = {isa = PBXFileReference; lastKnownFileType = sourcecode.swift; path = RequestsError.swift; sourceTree = "<group>"; };
		7D06963727181536002913C7 /* HTTPLog.swift */ = {isa = PBXFileReference; lastKnownFileType = sourcecode.swift; path = HTTPLog.swift; sourceTree = "<group>"; };
		7D0696392718165D002913C7 /* URLRequestBuilder.swift */ = {isa = PBXFileReference; lastKnownFileType = sourcecode.swift; path = URLRequestBuilder.swift; sourceTree = "<group>"; };
		7D06963B271819C6002913C7 /* Encodable+Dict.swift */ = {isa = PBXFileReference; lastKnownFileType = sourcecode.swift; path = "Encodable+Dict.swift"; sourceTree = "<group>"; };
		7D06963D27181BB6002913C7 /* Data+Decode.swift */ = {isa = PBXFileReference; lastKnownFileType = sourcecode.swift; path = "Data+Decode.swift"; sourceTree = "<group>"; };
		7D06963F27182C1C002913C7 /* LoadingIndicator.swift */ = {isa = PBXFileReference; lastKnownFileType = sourcecode.swift; path = LoadingIndicator.swift; sourceTree = "<group>"; };
		7D119E34271584770036FC89 /* SceneTransitionType.swift */ = {isa = PBXFileReference; lastKnownFileType = sourcecode.swift; path = SceneTransitionType.swift; sourceTree = "<group>"; };
		7D119E37271584A30036FC89 /* SceneCoordinatorType.swift */ = {isa = PBXFileReference; lastKnownFileType = sourcecode.swift; path = SceneCoordinatorType.swift; sourceTree = "<group>"; };
		7D119E39271584D50036FC89 /* Scene.swift */ = {isa = PBXFileReference; lastKnownFileType = sourcecode.swift; path = Scene.swift; sourceTree = "<group>"; };
		7D119E3B271585540036FC89 /* SceneCoordinator.swift */ = {isa = PBXFileReference; lastKnownFileType = sourcecode.swift; path = SceneCoordinator.swift; sourceTree = "<group>"; };
		7D1BCF2B270E8A5A00BC42BC /* TestAppDelegate.swift */ = {isa = PBXFileReference; lastKnownFileType = sourcecode.swift; path = TestAppDelegate.swift; sourceTree = "<group>"; };
		7D1BCF2D270E8A9F00BC42BC /* SearchViewControllerTest.swift */ = {isa = PBXFileReference; lastKnownFileType = sourcecode.swift; path = SearchViewControllerTest.swift; sourceTree = "<group>"; };
		7D1BCF2F270E8ABC00BC42BC /* GithubServiceTest.swift */ = {isa = PBXFileReference; lastKnownFileType = sourcecode.swift; path = GithubServiceTest.swift; sourceTree = "<group>"; };
		7D1BCF31270E8ADF00BC42BC /* TestError.swift */ = {isa = PBXFileReference; lastKnownFileType = sourcecode.swift; path = TestError.swift; sourceTree = "<group>"; };
		7D1BCF35270E8CB900BC42BC /* SearchViewController.swift */ = {isa = PBXFileReference; lastKnownFileType = sourcecode.swift; path = SearchViewController.swift; sourceTree = "<group>"; };
		7D1BCF37270E8CCA00BC42BC /* SearchViewModel.swift */ = {isa = PBXFileReference; lastKnownFileType = sourcecode.swift; path = SearchViewModel.swift; sourceTree = "<group>"; };
		7D46F0C1271674EC00474A51 /* HasDisposeBag.swift */ = {isa = PBXFileReference; lastKnownFileType = sourcecode.swift; path = HasDisposeBag.swift; sourceTree = "<group>"; };
		7D46F0C32716771800474A51 /* NibForName.swift */ = {isa = PBXFileReference; lastKnownFileType = sourcecode.swift; path = NibForName.swift; sourceTree = "<group>"; };
		7D46F0C52716773400474A51 /* SwiftIdentifier.swift */ = {isa = PBXFileReference; lastKnownFileType = sourcecode.swift; path = SwiftIdentifier.swift; sourceTree = "<group>"; };
		7D46F0C82716782A00474A51 /* RepositoryCell.swift */ = {isa = PBXFileReference; lastKnownFileType = sourcecode.swift; path = RepositoryCell.swift; sourceTree = "<group>"; };
		7D46F0CA2716783D00474A51 /* RepositoryCell.xib */ = {isa = PBXFileReference; lastKnownFileType = file.xib; path = RepositoryCell.xib; sourceTree = "<group>"; };
		7D81BCD4270D85190026A5A3 /* GitHubTDD.app */ = {isa = PBXFileReference; explicitFileType = wrapper.application; includeInIndex = 0; path = GitHubTDD.app; sourceTree = BUILT_PRODUCTS_DIR; };
		7D81BCD7270D85190026A5A3 /* AppDelegate.swift */ = {isa = PBXFileReference; lastKnownFileType = sourcecode.swift; path = AppDelegate.swift; sourceTree = "<group>"; };
		7D81BCE0270D851B0026A5A3 /* Assets.xcassets */ = {isa = PBXFileReference; lastKnownFileType = folder.assetcatalog; path = Assets.xcassets; sourceTree = "<group>"; };
		7D81BCE3270D851B0026A5A3 /* Base */ = {isa = PBXFileReference; lastKnownFileType = file.storyboard; name = Base; path = Base.lproj/LaunchScreen.storyboard; sourceTree = "<group>"; };
		7D81BCE5270D851B0026A5A3 /* Info.plist */ = {isa = PBXFileReference; lastKnownFileType = text.plist.xml; path = Info.plist; sourceTree = "<group>"; };
		7D81BCEA270D851B0026A5A3 /* GitHubTDDTests.xctest */ = {isa = PBXFileReference; explicitFileType = wrapper.cfbundle; includeInIndex = 0; path = GitHubTDDTests.xctest; sourceTree = BUILT_PRODUCTS_DIR; };
		7D81BCEE270D851B0026A5A3 /* GitHubTDDTests.swift */ = {isa = PBXFileReference; lastKnownFileType = sourcecode.swift; path = GitHubTDDTests.swift; sourceTree = "<group>"; };
		7D81BCF0270D851B0026A5A3 /* Info.plist */ = {isa = PBXFileReference; lastKnownFileType = text.plist.xml; path = Info.plist; sourceTree = "<group>"; };
		7D81BCF5270D851B0026A5A3 /* GitHubTDDUITests.xctest */ = {isa = PBXFileReference; explicitFileType = wrapper.cfbundle; includeInIndex = 0; path = GitHubTDDUITests.xctest; sourceTree = BUILT_PRODUCTS_DIR; };
		7D81BCF9270D851B0026A5A3 /* GitHubTDDUITests.swift */ = {isa = PBXFileReference; lastKnownFileType = sourcecode.swift; path = GitHubTDDUITests.swift; sourceTree = "<group>"; };
		7D81BCFB270D851B0026A5A3 /* Info.plist */ = {isa = PBXFileReference; lastKnownFileType = text.plist.xml; path = Info.plist; sourceTree = "<group>"; };
		7DDD34B1271686C0007A724F /* ViewModelBindableType.swift */ = {isa = PBXFileReference; lastKnownFileType = sourcecode.swift; path = ViewModelBindableType.swift; sourceTree = "<group>"; };
		8E0EA6F620837D96519FDDCE /* Pods-GitHubTDD-GitHubTDDUITests.debug.xcconfig */ = {isa = PBXFileReference; includeInIndex = 1; lastKnownFileType = text.xcconfig; name = "Pods-GitHubTDD-GitHubTDDUITests.debug.xcconfig"; path = "Target Support Files/Pods-GitHubTDD-GitHubTDDUITests/Pods-GitHubTDD-GitHubTDDUITests.debug.xcconfig"; sourceTree = "<group>"; };
		E8BDDAA49978EB1A33A9F5F9 /* Pods-GitHubTDDTests.debug.xcconfig */ = {isa = PBXFileReference; includeInIndex = 1; lastKnownFileType = text.xcconfig; name = "Pods-GitHubTDDTests.debug.xcconfig"; path = "Target Support Files/Pods-GitHubTDDTests/Pods-GitHubTDDTests.debug.xcconfig"; sourceTree = "<group>"; };
/* End PBXFileReference section */

/* Begin PBXFrameworksBuildPhase section */
		7D81BCD1270D85190026A5A3 /* Frameworks */ = {
			isa = PBXFrameworksBuildPhase;
			buildActionMask = 2147483647;
			files = (
				4E81A7076BCF0931166E9B88 /* Pods_GitHubTDD.framework in Frameworks */,
			);
			runOnlyForDeploymentPostprocessing = 0;
		};
		7D81BCE7270D851B0026A5A3 /* Frameworks */ = {
			isa = PBXFrameworksBuildPhase;
			buildActionMask = 2147483647;
			files = (
				BB8945E9201A88AE522DFD2E /* Pods_GitHubTDDTests.framework in Frameworks */,
			);
			runOnlyForDeploymentPostprocessing = 0;
		};
		7D81BCF2270D851B0026A5A3 /* Frameworks */ = {
			isa = PBXFrameworksBuildPhase;
			buildActionMask = 2147483647;
			files = (
				2F25DA0F3E487D7A1BAA3DA4 /* Pods_GitHubTDD_GitHubTDDUITests.framework in Frameworks */,
			);
			runOnlyForDeploymentPostprocessing = 0;
		};
/* End PBXFrameworksBuildPhase section */

/* Begin PBXGroup section */
		1B6B27469265C0EE9D93A334 /* Frameworks */ = {
			isa = PBXGroup;
			children = (
				44802A109483D397040F09E3 /* Pods_GitHubTDD.framework */,
				64DF2D10CFD08F7CC5B5FD7A /* Pods_GitHubTDD_GitHubTDDUITests.framework */,
				3FB59151CD83DDB374AD36FF /* Pods_GitHubTDDTests.framework */,
			);
			name = Frameworks;
			sourceTree = "<group>";
		};
		5217CC3563D7F2017C2281D6 /* Pods */ = {
			isa = PBXGroup;
			children = (
				0AB7C59E7D80D77D27F9B838 /* Pods-GitHubTDD.debug.xcconfig */,
				5741733304BB6E10214537E3 /* Pods-GitHubTDD.release.xcconfig */,
				8E0EA6F620837D96519FDDCE /* Pods-GitHubTDD-GitHubTDDUITests.debug.xcconfig */,
				597DB5AA1DA5D2530F14C525 /* Pods-GitHubTDD-GitHubTDDUITests.release.xcconfig */,
				E8BDDAA49978EB1A33A9F5F9 /* Pods-GitHubTDDTests.debug.xcconfig */,
				0DE6525E4B4033FEDE1CC44E /* Pods-GitHubTDDTests.release.xcconfig */,
			);
			path = Pods;
			sourceTree = "<group>";
		};
		7D119E332715844B0036FC89 /* Coordinator */ = {
			isa = PBXGroup;
			children = (
				7D119E362715847B0036FC89 /* Scene */,
				7D119E37271584A30036FC89 /* SceneCoordinatorType.swift */,
				7D119E3B271585540036FC89 /* SceneCoordinator.swift */,
			);
			path = Coordinator;
			sourceTree = "<group>";
		};
		7D119E362715847B0036FC89 /* Scene */ = {
			isa = PBXGroup;
			children = (
				7D119E34271584770036FC89 /* SceneTransitionType.swift */,
				7D119E39271584D50036FC89 /* Scene.swift */,
			);
			path = Scene;
			sourceTree = "<group>";
		};
		7D1BCF33270E8CA400BC42BC /* Scene */ = {
			isa = PBXGroup;
			children = (
				7D1BCF34270E8CB400BC42BC /* Search */,
			);
			path = Scene;
			sourceTree = "<group>";
		};
		7D1BCF34270E8CB400BC42BC /* Search */ = {
			isa = PBXGroup;
			children = (
				7D1BCF35270E8CB900BC42BC /* SearchViewController.swift */,
				7D1BCF37270E8CCA00BC42BC /* SearchViewModel.swift */,
			);
			path = Search;
			sourceTree = "<group>";
		};
		7D1BCF39270E8D0E00BC42BC /* Service */ = {
			isa = PBXGroup;
			children = (
				7D0696232718069F002913C7 /* GithubServiceType.swift */,
				7D069625271806BE002913C7 /* GithubService.swift */,
			);
			path = Service;
			sourceTree = "<group>";
		};
		7D46F0C72716781C00474A51 /* Cell */ = {
			isa = PBXGroup;
			children = (
				7D46F0C82716782A00474A51 /* RepositoryCell.swift */,
				7D46F0CA2716783D00474A51 /* RepositoryCell.xib */,
			);
			path = Cell;
			sourceTree = "<group>";
		};
		7D81BCCB270D85190026A5A3 = {
			isa = PBXGroup;
			children = (
				7D81BCD6270D85190026A5A3 /* GitHubTDD */,
				7D81BCED270D851B0026A5A3 /* GitHubTDDTests */,
				7D81BCF8270D851B0026A5A3 /* GitHubTDDUITests */,
				7D81BCD5270D85190026A5A3 /* Products */,
				5217CC3563D7F2017C2281D6 /* Pods */,
				1B6B27469265C0EE9D93A334 /* Frameworks */,
			);
			sourceTree = "<group>";
		};
		7D81BCD5270D85190026A5A3 /* Products */ = {
			isa = PBXGroup;
			children = (
				7D81BCD4270D85190026A5A3 /* GitHubTDD.app */,
				7D81BCEA270D851B0026A5A3 /* GitHubTDDTests.xctest */,
				7D81BCF5270D851B0026A5A3 /* GitHubTDDUITests.xctest */,
			);
			name = Products;
			sourceTree = "<group>";
		};
		7D81BCD6270D85190026A5A3 /* GitHubTDD */ = {
			isa = PBXGroup;
			children = (
				7D46F0C72716781C00474A51 /* Cell */,
				7D119E332715844B0036FC89 /* Coordinator */,
				7D1BCF39270E8D0E00BC42BC /* Service */,
				7D1BCF33270E8CA400BC42BC /* Scene */,
				7D81BD0A270D853B0026A5A3 /* Model */,
				7D81BD09270D85370026A5A3 /* Utils */,
				7D81BD08270D85300026A5A3 /* Networking */,
				7D81BCD7270D85190026A5A3 /* AppDelegate.swift */,
				7D81BCE0270D851B0026A5A3 /* Assets.xcassets */,
				7D81BCE2270D851B0026A5A3 /* LaunchScreen.storyboard */,
				7D81BCE5270D851B0026A5A3 /* Info.plist */,
			);
			path = GitHubTDD;
			sourceTree = "<group>";
		};
		7D81BCED270D851B0026A5A3 /* GitHubTDDTests */ = {
			isa = PBXGroup;
			children = (
				7D81BCEE270D851B0026A5A3 /* GitHubTDDTests.swift */,
				7D81BCF0270D851B0026A5A3 /* Info.plist */,
				7D1BCF2B270E8A5A00BC42BC /* TestAppDelegate.swift */,
				7D1BCF2D270E8A9F00BC42BC /* SearchViewControllerTest.swift */,
				7D1BCF2F270E8ABC00BC42BC /* GithubServiceTest.swift */,
				7D1BCF31270E8ADF00BC42BC /* TestError.swift */,
			);
			path = GitHubTDDTests;
			sourceTree = "<group>";
		};
		7D81BCF8270D851B0026A5A3 /* GitHubTDDUITests */ = {
			isa = PBXGroup;
			children = (
				7D81BCF9270D851B0026A5A3 /* GitHubTDDUITests.swift */,
				7D81BCFB270D851B0026A5A3 /* Info.plist */,
			);
			path = GitHubTDDUITests;
			sourceTree = "<group>";
		};
		7D81BD08270D85300026A5A3 /* Networking */ = {
			isa = PBXGroup;
			children = (
				7D06962F271811A9002913C7 /* NetworkRequestProtocol.swift */,
				7D069631271811DC002913C7 /* NetworkRequest.swift */,
				7D0696332718123D002913C7 /* HTTPMethod.swift */,
				7D069635271814FD002913C7 /* RequestsError.swift */,
				7D06963727181536002913C7 /* HTTPLog.swift */,
				7D0696392718165D002913C7 /* URLRequestBuilder.swift */,
			);
			path = Networking;
			sourceTree = "<group>";
		};
		7D81BD09270D85370026A5A3 /* Utils */ = {
			isa = PBXGroup;
			children = (
				7D46F0C1271674EC00474A51 /* HasDisposeBag.swift */,
				7D46F0C32716771800474A51 /* NibForName.swift */,
				7D46F0C52716773400474A51 /* SwiftIdentifier.swift */,
				7DDD34B1271686C0007A724F /* ViewModelBindableType.swift */,
				7D06963F27182C1C002913C7 /* LoadingIndicator.swift */,
			);
			path = Utils;
			sourceTree = "<group>";
		};
		7D81BD0A270D853B0026A5A3 /* Model */ = {
			isa = PBXGroup;
			children = (
				7D06962727180881002913C7 /* Repository.swift */,
				7D06962927180987002913C7 /* SearchedRepositories.swift */,
				7D06962B271809C2002913C7 /* SearchOption.swift */,
				7D06962D27180A96002913C7 /* RepositorySection.swift */,
				7D06963B271819C6002913C7 /* Encodable+Dict.swift */,
				7D06963D27181BB6002913C7 /* Data+Decode.swift */,
			);
			path = Model;
			sourceTree = "<group>";
		};
/* End PBXGroup section */

/* Begin PBXNativeTarget section */
		7D81BCD3270D85190026A5A3 /* GitHubTDD */ = {
			isa = PBXNativeTarget;
			buildConfigurationList = 7D81BCFE270D851B0026A5A3 /* Build configuration list for PBXNativeTarget "GitHubTDD" */;
			buildPhases = (
				E8942BD5CBB51A1A7F4437CF /* [CP] Check Pods Manifest.lock */,
				7D81BCD0270D85190026A5A3 /* Sources */,
				7D81BCD1270D85190026A5A3 /* Frameworks */,
				7D81BCD2270D85190026A5A3 /* Resources */,
				19638D3DA5F2522222E579AE /* [CP] Embed Pods Frameworks */,
			);
			buildRules = (
			);
			dependencies = (
			);
			name = GitHubTDD;
			productName = GitHubTDD;
			productReference = 7D81BCD4270D85190026A5A3 /* GitHubTDD.app */;
			productType = "com.apple.product-type.application";
		};
		7D81BCE9270D851B0026A5A3 /* GitHubTDDTests */ = {
			isa = PBXNativeTarget;
			buildConfigurationList = 7D81BD01270D851B0026A5A3 /* Build configuration list for PBXNativeTarget "GitHubTDDTests" */;
			buildPhases = (
				2C31AFBB4FF6E1CB2BF98F4E /* [CP] Check Pods Manifest.lock */,
				7D81BCE6270D851B0026A5A3 /* Sources */,
				7D81BCE7270D851B0026A5A3 /* Frameworks */,
				7D81BCE8270D851B0026A5A3 /* Resources */,
				CF1C75E7D699BF8D4B24622F /* [CP] Embed Pods Frameworks */,
			);
			buildRules = (
			);
			dependencies = (
				7D81BCEC270D851B0026A5A3 /* PBXTargetDependency */,
			);
			name = GitHubTDDTests;
			productName = GitHubTDDTests;
			productReference = 7D81BCEA270D851B0026A5A3 /* GitHubTDDTests.xctest */;
			productType = "com.apple.product-type.bundle.unit-test";
		};
		7D81BCF4270D851B0026A5A3 /* GitHubTDDUITests */ = {
			isa = PBXNativeTarget;
			buildConfigurationList = 7D81BD04270D851B0026A5A3 /* Build configuration list for PBXNativeTarget "GitHubTDDUITests" */;
			buildPhases = (
				4D1698623D3814D7F9C599B2 /* [CP] Check Pods Manifest.lock */,
				7D81BCF1270D851B0026A5A3 /* Sources */,
				7D81BCF2270D851B0026A5A3 /* Frameworks */,
				7D81BCF3270D851B0026A5A3 /* Resources */,
				72672FF18CE283AE96FC94F5 /* [CP] Embed Pods Frameworks */,
			);
			buildRules = (
			);
			dependencies = (
				7D81BCF7270D851B0026A5A3 /* PBXTargetDependency */,
			);
			name = GitHubTDDUITests;
			productName = GitHubTDDUITests;
			productReference = 7D81BCF5270D851B0026A5A3 /* GitHubTDDUITests.xctest */;
			productType = "com.apple.product-type.bundle.ui-testing";
		};
/* End PBXNativeTarget section */

/* Begin PBXProject section */
		7D81BCCC270D85190026A5A3 /* Project object */ = {
			isa = PBXProject;
			attributes = {
				LastSwiftUpdateCheck = 1250;
				LastUpgradeCheck = 1250;
				TargetAttributes = {
					7D81BCD3270D85190026A5A3 = {
						CreatedOnToolsVersion = 12.5;
					};
					7D81BCE9270D851B0026A5A3 = {
						CreatedOnToolsVersion = 12.5;
						TestTargetID = 7D81BCD3270D85190026A5A3;
					};
					7D81BCF4270D851B0026A5A3 = {
						CreatedOnToolsVersion = 12.5;
						TestTargetID = 7D81BCD3270D85190026A5A3;
					};
				};
			};
			buildConfigurationList = 7D81BCCF270D85190026A5A3 /* Build configuration list for PBXProject "GitHubTDD" */;
			compatibilityVersion = "Xcode 9.3";
			developmentRegion = en;
			hasScannedForEncodings = 0;
			knownRegions = (
				en,
				Base,
			);
			mainGroup = 7D81BCCB270D85190026A5A3;
			productRefGroup = 7D81BCD5270D85190026A5A3 /* Products */;
			projectDirPath = "";
			projectRoot = "";
			targets = (
				7D81BCD3270D85190026A5A3 /* GitHubTDD */,
				7D81BCE9270D851B0026A5A3 /* GitHubTDDTests */,
				7D81BCF4270D851B0026A5A3 /* GitHubTDDUITests */,
			);
		};
/* End PBXProject section */

/* Begin PBXResourcesBuildPhase section */
		7D81BCD2270D85190026A5A3 /* Resources */ = {
			isa = PBXResourcesBuildPhase;
			buildActionMask = 2147483647;
			files = (
				7D46F0CB2716783D00474A51 /* RepositoryCell.xib in Resources */,
				7D81BCE4270D851B0026A5A3 /* LaunchScreen.storyboard in Resources */,
				7D81BCE1270D851B0026A5A3 /* Assets.xcassets in Resources */,
			);
			runOnlyForDeploymentPostprocessing = 0;
		};
		7D81BCE8270D851B0026A5A3 /* Resources */ = {
			isa = PBXResourcesBuildPhase;
			buildActionMask = 2147483647;
			files = (
			);
			runOnlyForDeploymentPostprocessing = 0;
		};
		7D81BCF3270D851B0026A5A3 /* Resources */ = {
			isa = PBXResourcesBuildPhase;
			buildActionMask = 2147483647;
			files = (
			);
			runOnlyForDeploymentPostprocessing = 0;
		};
/* End PBXResourcesBuildPhase section */

/* Begin PBXShellScriptBuildPhase section */
		19638D3DA5F2522222E579AE /* [CP] Embed Pods Frameworks */ = {
			isa = PBXShellScriptBuildPhase;
			buildActionMask = 2147483647;
			files = (
			);
			inputFileListPaths = (
				"${PODS_ROOT}/Target Support Files/Pods-GitHubTDD/Pods-GitHubTDD-frameworks-${CONFIGURATION}-input-files.xcfilelist",
			);
			name = "[CP] Embed Pods Frameworks";
			outputFileListPaths = (
				"${PODS_ROOT}/Target Support Files/Pods-GitHubTDD/Pods-GitHubTDD-frameworks-${CONFIGURATION}-output-files.xcfilelist",
			);
			runOnlyForDeploymentPostprocessing = 0;
			shellPath = /bin/sh;
			shellScript = "\"${PODS_ROOT}/Target Support Files/Pods-GitHubTDD/Pods-GitHubTDD-frameworks.sh\"\n";
			showEnvVarsInLog = 0;
		};
		2C31AFBB4FF6E1CB2BF98F4E /* [CP] Check Pods Manifest.lock */ = {
			isa = PBXShellScriptBuildPhase;
			buildActionMask = 2147483647;
			files = (
			);
			inputFileListPaths = (
			);
			inputPaths = (
				"${PODS_PODFILE_DIR_PATH}/Podfile.lock",
				"${PODS_ROOT}/Manifest.lock",
			);
			name = "[CP] Check Pods Manifest.lock";
			outputFileListPaths = (
			);
			outputPaths = (
				"$(DERIVED_FILE_DIR)/Pods-GitHubTDDTests-checkManifestLockResult.txt",
			);
			runOnlyForDeploymentPostprocessing = 0;
			shellPath = /bin/sh;
			shellScript = "diff \"${PODS_PODFILE_DIR_PATH}/Podfile.lock\" \"${PODS_ROOT}/Manifest.lock\" > /dev/null\nif [ $? != 0 ] ; then\n    # print error to STDERR\n    echo \"error: The sandbox is not in sync with the Podfile.lock. Run 'pod install' or update your CocoaPods installation.\" >&2\n    exit 1\nfi\n# This output is used by Xcode 'outputs' to avoid re-running this script phase.\necho \"SUCCESS\" > \"${SCRIPT_OUTPUT_FILE_0}\"\n";
			showEnvVarsInLog = 0;
		};
		4D1698623D3814D7F9C599B2 /* [CP] Check Pods Manifest.lock */ = {
			isa = PBXShellScriptBuildPhase;
			buildActionMask = 2147483647;
			files = (
			);
			inputFileListPaths = (
			);
			inputPaths = (
				"${PODS_PODFILE_DIR_PATH}/Podfile.lock",
				"${PODS_ROOT}/Manifest.lock",
			);
			name = "[CP] Check Pods Manifest.lock";
			outputFileListPaths = (
			);
			outputPaths = (
				"$(DERIVED_FILE_DIR)/Pods-GitHubTDD-GitHubTDDUITests-checkManifestLockResult.txt",
			);
			runOnlyForDeploymentPostprocessing = 0;
			shellPath = /bin/sh;
			shellScript = "diff \"${PODS_PODFILE_DIR_PATH}/Podfile.lock\" \"${PODS_ROOT}/Manifest.lock\" > /dev/null\nif [ $? != 0 ] ; then\n    # print error to STDERR\n    echo \"error: The sandbox is not in sync with the Podfile.lock. Run 'pod install' or update your CocoaPods installation.\" >&2\n    exit 1\nfi\n# This output is used by Xcode 'outputs' to avoid re-running this script phase.\necho \"SUCCESS\" > \"${SCRIPT_OUTPUT_FILE_0}\"\n";
			showEnvVarsInLog = 0;
		};
		72672FF18CE283AE96FC94F5 /* [CP] Embed Pods Frameworks */ = {
			isa = PBXShellScriptBuildPhase;
			buildActionMask = 2147483647;
			files = (
			);
			inputFileListPaths = (
				"${PODS_ROOT}/Target Support Files/Pods-GitHubTDD-GitHubTDDUITests/Pods-GitHubTDD-GitHubTDDUITests-frameworks-${CONFIGURATION}-input-files.xcfilelist",
			);
			name = "[CP] Embed Pods Frameworks";
			outputFileListPaths = (
				"${PODS_ROOT}/Target Support Files/Pods-GitHubTDD-GitHubTDDUITests/Pods-GitHubTDD-GitHubTDDUITests-frameworks-${CONFIGURATION}-output-files.xcfilelist",
			);
			runOnlyForDeploymentPostprocessing = 0;
			shellPath = /bin/sh;
			shellScript = "\"${PODS_ROOT}/Target Support Files/Pods-GitHubTDD-GitHubTDDUITests/Pods-GitHubTDD-GitHubTDDUITests-frameworks.sh\"\n";
			showEnvVarsInLog = 0;
		};
		CF1C75E7D699BF8D4B24622F /* [CP] Embed Pods Frameworks */ = {
			isa = PBXShellScriptBuildPhase;
			buildActionMask = 2147483647;
			files = (
			);
			inputFileListPaths = (
				"${PODS_ROOT}/Target Support Files/Pods-GitHubTDDTests/Pods-GitHubTDDTests-frameworks-${CONFIGURATION}-input-files.xcfilelist",
			);
			name = "[CP] Embed Pods Frameworks";
			outputFileListPaths = (
				"${PODS_ROOT}/Target Support Files/Pods-GitHubTDDTests/Pods-GitHubTDDTests-frameworks-${CONFIGURATION}-output-files.xcfilelist",
			);
			runOnlyForDeploymentPostprocessing = 0;
			shellPath = /bin/sh;
			shellScript = "\"${PODS_ROOT}/Target Support Files/Pods-GitHubTDDTests/Pods-GitHubTDDTests-frameworks.sh\"\n";
			showEnvVarsInLog = 0;
		};
		E8942BD5CBB51A1A7F4437CF /* [CP] Check Pods Manifest.lock */ = {
			isa = PBXShellScriptBuildPhase;
			buildActionMask = 2147483647;
			files = (
			);
			inputFileListPaths = (
			);
			inputPaths = (
				"${PODS_PODFILE_DIR_PATH}/Podfile.lock",
				"${PODS_ROOT}/Manifest.lock",
			);
			name = "[CP] Check Pods Manifest.lock";
			outputFileListPaths = (
			);
			outputPaths = (
				"$(DERIVED_FILE_DIR)/Pods-GitHubTDD-checkManifestLockResult.txt",
			);
			runOnlyForDeploymentPostprocessing = 0;
			shellPath = /bin/sh;
			shellScript = "diff \"${PODS_PODFILE_DIR_PATH}/Podfile.lock\" \"${PODS_ROOT}/Manifest.lock\" > /dev/null\nif [ $? != 0 ] ; then\n    # print error to STDERR\n    echo \"error: The sandbox is not in sync with the Podfile.lock. Run 'pod install' or update your CocoaPods installation.\" >&2\n    exit 1\nfi\n# This output is used by Xcode 'outputs' to avoid re-running this script phase.\necho \"SUCCESS\" > \"${SCRIPT_OUTPUT_FILE_0}\"\n";
			showEnvVarsInLog = 0;
		};
/* End PBXShellScriptBuildPhase section */

/* Begin PBXSourcesBuildPhase section */
		7D81BCD0270D85190026A5A3 /* Sources */ = {
			isa = PBXSourcesBuildPhase;
			buildActionMask = 2147483647;
			files = (
				7D06964027182C1C002913C7 /* LoadingIndicator.swift in Sources */,
				7D1BCF38270E8CCA00BC42BC /* SearchViewModel.swift in Sources */,
				7D06963C271819C6002913C7 /* Encodable+Dict.swift in Sources */,
				7D81BCD8270D85190026A5A3 /* AppDelegate.swift in Sources */,
				7D0696342718123D002913C7 /* HTTPMethod.swift in Sources */,
				7D06962827180881002913C7 /* Repository.swift in Sources */,
				7D119E3A271584D60036FC89 /* Scene.swift in Sources */,
				7D06963A2718165D002913C7 /* URLRequestBuilder.swift in Sources */,
				7D46F0C2271674EC00474A51 /* HasDisposeBag.swift in Sources */,
				7D069636271814FD002913C7 /* RequestsError.swift in Sources */,
				7D0696242718069F002913C7 /* GithubServiceType.swift in Sources */,
				7D46F0C62716773400474A51 /* SwiftIdentifier.swift in Sources */,
				7D119E38271584A30036FC89 /* SceneCoordinatorType.swift in Sources */,
				7D46F0C92716782A00474A51 /* RepositoryCell.swift in Sources */,
				7D46F0C42716771800474A51 /* NibForName.swift in Sources */,
				7D1BCF36270E8CB900BC42BC /* SearchViewController.swift in Sources */,
				7D06963827181536002913C7 /* HTTPLog.swift in Sources */,
				7D069626271806BE002913C7 /* GithubService.swift in Sources */,
				7D06962A27180987002913C7 /* SearchedRepositories.swift in Sources */,
				7DDD34B2271686C0007A724F /* ViewModelBindableType.swift in Sources */,
				7D06962C271809C2002913C7 /* SearchOption.swift in Sources */,
				7D119E3C271585540036FC89 /* SceneCoordinator.swift in Sources */,
				7D06963E27181BB6002913C7 /* Data+Decode.swift in Sources */,
				7D119E35271584770036FC89 /* SceneTransitionType.swift in Sources */,
				7D069632271811DC002913C7 /* NetworkRequest.swift in Sources */,
				7D069630271811A9002913C7 /* NetworkRequestProtocol.swift in Sources */,
				7D06962E27180A96002913C7 /* RepositorySection.swift in Sources */,
			);
			runOnlyForDeploymentPostprocessing = 0;
		};
		7D81BCE6270D851B0026A5A3 /* Sources */ = {
			isa = PBXSourcesBuildPhase;
			buildActionMask = 2147483647;
			files = (
				7D1BCF2C270E8A5A00BC42BC /* TestAppDelegate.swift in Sources */,
				7D1BCF32270E8ADF00BC42BC /* TestError.swift in Sources */,
				7D81BCEF270D851B0026A5A3 /* GitHubTDDTests.swift in Sources */,
				7D1BCF30270E8ABC00BC42BC /* GithubServiceTest.swift in Sources */,
				7D1BCF2E270E8A9F00BC42BC /* SearchViewControllerTest.swift in Sources */,
			);
			runOnlyForDeploymentPostprocessing = 0;
		};
		7D81BCF1270D851B0026A5A3 /* Sources */ = {
			isa = PBXSourcesBuildPhase;
			buildActionMask = 2147483647;
			files = (
				7D81BCFA270D851B0026A5A3 /* GitHubTDDUITests.swift in Sources */,
			);
			runOnlyForDeploymentPostprocessing = 0;
		};
/* End PBXSourcesBuildPhase section */

/* Begin PBXTargetDependency section */
		7D81BCEC270D851B0026A5A3 /* PBXTargetDependency */ = {
			isa = PBXTargetDependency;
			target = 7D81BCD3270D85190026A5A3 /* GitHubTDD */;
			targetProxy = 7D81BCEB270D851B0026A5A3 /* PBXContainerItemProxy */;
		};
		7D81BCF7270D851B0026A5A3 /* PBXTargetDependency */ = {
			isa = PBXTargetDependency;
			target = 7D81BCD3270D85190026A5A3 /* GitHubTDD */;
			targetProxy = 7D81BCF6270D851B0026A5A3 /* PBXContainerItemProxy */;
		};
/* End PBXTargetDependency section */

/* Begin PBXVariantGroup section */
		7D81BCE2270D851B0026A5A3 /* LaunchScreen.storyboard */ = {
			isa = PBXVariantGroup;
			children = (
				7D81BCE3270D851B0026A5A3 /* Base */,
			);
			name = LaunchScreen.storyboard;
			sourceTree = "<group>";
		};
/* End PBXVariantGroup section */

/* Begin XCBuildConfiguration section */
		7D81BCFC270D851B0026A5A3 /* Debug */ = {
			isa = XCBuildConfiguration;
			buildSettings = {
				ALWAYS_SEARCH_USER_PATHS = NO;
				CLANG_ANALYZER_NONNULL = YES;
				CLANG_ANALYZER_NUMBER_OBJECT_CONVERSION = YES_AGGRESSIVE;
				CLANG_CXX_LANGUAGE_STANDARD = "gnu++14";
				CLANG_CXX_LIBRARY = "libc++";
				CLANG_ENABLE_MODULES = YES;
				CLANG_ENABLE_OBJC_ARC = YES;
				CLANG_ENABLE_OBJC_WEAK = YES;
				CLANG_WARN_BLOCK_CAPTURE_AUTORELEASING = YES;
				CLANG_WARN_BOOL_CONVERSION = YES;
				CLANG_WARN_COMMA = YES;
				CLANG_WARN_CONSTANT_CONVERSION = YES;
				CLANG_WARN_DEPRECATED_OBJC_IMPLEMENTATIONS = YES;
				CLANG_WARN_DIRECT_OBJC_ISA_USAGE = YES_ERROR;
				CLANG_WARN_DOCUMENTATION_COMMENTS = YES;
				CLANG_WARN_EMPTY_BODY = YES;
				CLANG_WARN_ENUM_CONVERSION = YES;
				CLANG_WARN_INFINITE_RECURSION = YES;
				CLANG_WARN_INT_CONVERSION = YES;
				CLANG_WARN_NON_LITERAL_NULL_CONVERSION = YES;
				CLANG_WARN_OBJC_IMPLICIT_RETAIN_SELF = YES;
				CLANG_WARN_OBJC_LITERAL_CONVERSION = YES;
				CLANG_WARN_OBJC_ROOT_CLASS = YES_ERROR;
				CLANG_WARN_QUOTED_INCLUDE_IN_FRAMEWORK_HEADER = YES;
				CLANG_WARN_RANGE_LOOP_ANALYSIS = YES;
				CLANG_WARN_STRICT_PROTOTYPES = YES;
				CLANG_WARN_SUSPICIOUS_MOVE = YES;
				CLANG_WARN_UNGUARDED_AVAILABILITY = YES_AGGRESSIVE;
				CLANG_WARN_UNREACHABLE_CODE = YES;
				CLANG_WARN__DUPLICATE_METHOD_MATCH = YES;
				COPY_PHASE_STRIP = NO;
				DEBUG_INFORMATION_FORMAT = dwarf;
				ENABLE_STRICT_OBJC_MSGSEND = YES;
				ENABLE_TESTABILITY = YES;
				GCC_C_LANGUAGE_STANDARD = gnu11;
				GCC_DYNAMIC_NO_PIC = NO;
				GCC_NO_COMMON_BLOCKS = YES;
				GCC_OPTIMIZATION_LEVEL = 0;
				GCC_PREPROCESSOR_DEFINITIONS = (
					"DEBUG=1",
					"$(inherited)",
				);
				GCC_WARN_64_TO_32_BIT_CONVERSION = YES;
				GCC_WARN_ABOUT_RETURN_TYPE = YES_ERROR;
				GCC_WARN_UNDECLARED_SELECTOR = YES;
				GCC_WARN_UNINITIALIZED_AUTOS = YES_AGGRESSIVE;
				GCC_WARN_UNUSED_FUNCTION = YES;
				GCC_WARN_UNUSED_VARIABLE = YES;
				IPHONEOS_DEPLOYMENT_TARGET = 14.5;
				MTL_ENABLE_DEBUG_INFO = INCLUDE_SOURCE;
				MTL_FAST_MATH = YES;
				ONLY_ACTIVE_ARCH = YES;
				SDKROOT = iphoneos;
				SWIFT_ACTIVE_COMPILATION_CONDITIONS = DEBUG;
				SWIFT_OPTIMIZATION_LEVEL = "-Onone";
			};
			name = Debug;
		};
		7D81BCFD270D851B0026A5A3 /* Release */ = {
			isa = XCBuildConfiguration;
			buildSettings = {
				ALWAYS_SEARCH_USER_PATHS = NO;
				CLANG_ANALYZER_NONNULL = YES;
				CLANG_ANALYZER_NUMBER_OBJECT_CONVERSION = YES_AGGRESSIVE;
				CLANG_CXX_LANGUAGE_STANDARD = "gnu++14";
				CLANG_CXX_LIBRARY = "libc++";
				CLANG_ENABLE_MODULES = YES;
				CLANG_ENABLE_OBJC_ARC = YES;
				CLANG_ENABLE_OBJC_WEAK = YES;
				CLANG_WARN_BLOCK_CAPTURE_AUTORELEASING = YES;
				CLANG_WARN_BOOL_CONVERSION = YES;
				CLANG_WARN_COMMA = YES;
				CLANG_WARN_CONSTANT_CONVERSION = YES;
				CLANG_WARN_DEPRECATED_OBJC_IMPLEMENTATIONS = YES;
				CLANG_WARN_DIRECT_OBJC_ISA_USAGE = YES_ERROR;
				CLANG_WARN_DOCUMENTATION_COMMENTS = YES;
				CLANG_WARN_EMPTY_BODY = YES;
				CLANG_WARN_ENUM_CONVERSION = YES;
				CLANG_WARN_INFINITE_RECURSION = YES;
				CLANG_WARN_INT_CONVERSION = YES;
				CLANG_WARN_NON_LITERAL_NULL_CONVERSION = YES;
				CLANG_WARN_OBJC_IMPLICIT_RETAIN_SELF = YES;
				CLANG_WARN_OBJC_LITERAL_CONVERSION = YES;
				CLANG_WARN_OBJC_ROOT_CLASS = YES_ERROR;
				CLANG_WARN_QUOTED_INCLUDE_IN_FRAMEWORK_HEADER = YES;
				CLANG_WARN_RANGE_LOOP_ANALYSIS = YES;
				CLANG_WARN_STRICT_PROTOTYPES = YES;
				CLANG_WARN_SUSPICIOUS_MOVE = YES;
				CLANG_WARN_UNGUARDED_AVAILABILITY = YES_AGGRESSIVE;
				CLANG_WARN_UNREACHABLE_CODE = YES;
				CLANG_WARN__DUPLICATE_METHOD_MATCH = YES;
				COPY_PHASE_STRIP = NO;
				DEBUG_INFORMATION_FORMAT = "dwarf-with-dsym";
				ENABLE_NS_ASSERTIONS = NO;
				ENABLE_STRICT_OBJC_MSGSEND = YES;
				GCC_C_LANGUAGE_STANDARD = gnu11;
				GCC_NO_COMMON_BLOCKS = YES;
				GCC_WARN_64_TO_32_BIT_CONVERSION = YES;
				GCC_WARN_ABOUT_RETURN_TYPE = YES_ERROR;
				GCC_WARN_UNDECLARED_SELECTOR = YES;
				GCC_WARN_UNINITIALIZED_AUTOS = YES_AGGRESSIVE;
				GCC_WARN_UNUSED_FUNCTION = YES;
				GCC_WARN_UNUSED_VARIABLE = YES;
				IPHONEOS_DEPLOYMENT_TARGET = 14.5;
				MTL_ENABLE_DEBUG_INFO = NO;
				MTL_FAST_MATH = YES;
				SDKROOT = iphoneos;
				SWIFT_COMPILATION_MODE = wholemodule;
				SWIFT_OPTIMIZATION_LEVEL = "-O";
				VALIDATE_PRODUCT = YES;
			};
			name = Release;
		};
		7D81BCFF270D851B0026A5A3 /* Debug */ = {
			isa = XCBuildConfiguration;
			baseConfigurationReference = 0AB7C59E7D80D77D27F9B838 /* Pods-GitHubTDD.debug.xcconfig */;
			buildSettings = {
				ASSETCATALOG_COMPILER_APPICON_NAME = AppIcon;
				ASSETCATALOG_COMPILER_GLOBAL_ACCENT_COLOR_NAME = AccentColor;
				CODE_SIGN_STYLE = Automatic;
				DEVELOPMENT_TEAM = JH6HFBQXT6;
				INFOPLIST_FILE = GitHubTDD/Info.plist;
				LD_RUNPATH_SEARCH_PATHS = (
					"$(inherited)",
					"@executable_path/Frameworks",
				);
				PRODUCT_BUNDLE_IDENTIFIER = kr.miiiiiin.itcha.GitHubTDD;
				PRODUCT_NAME = "$(TARGET_NAME)";
				SWIFT_VERSION = 5.0;
				TARGETED_DEVICE_FAMILY = "1,2";
			};
			name = Debug;
		};
		7D81BD00270D851B0026A5A3 /* Release */ = {
			isa = XCBuildConfiguration;
			baseConfigurationReference = 5741733304BB6E10214537E3 /* Pods-GitHubTDD.release.xcconfig */;
			buildSettings = {
				ASSETCATALOG_COMPILER_APPICON_NAME = AppIcon;
				ASSETCATALOG_COMPILER_GLOBAL_ACCENT_COLOR_NAME = AccentColor;
				CODE_SIGN_STYLE = Automatic;
				DEVELOPMENT_TEAM = JH6HFBQXT6;
				INFOPLIST_FILE = GitHubTDD/Info.plist;
				LD_RUNPATH_SEARCH_PATHS = (
					"$(inherited)",
					"@executable_path/Frameworks",
				);
				PRODUCT_BUNDLE_IDENTIFIER = kr.miiiiiin.itcha.GitHubTDD;
				PRODUCT_NAME = "$(TARGET_NAME)";
				SWIFT_VERSION = 5.0;
				TARGETED_DEVICE_FAMILY = "1,2";
			};
			name = Release;
		};
		7D81BD02270D851B0026A5A3 /* Debug */ = {
			isa = XCBuildConfiguration;
			baseConfigurationReference = E8BDDAA49978EB1A33A9F5F9 /* Pods-GitHubTDDTests.debug.xcconfig */;
			buildSettings = {
				ALWAYS_EMBED_SWIFT_STANDARD_LIBRARIES = YES;
				BUNDLE_LOADER = "$(TEST_HOST)";
				CODE_SIGN_STYLE = Automatic;
				DEVELOPMENT_TEAM = JH6HFBQXT6;
				INFOPLIST_FILE = GitHubTDDTests/Info.plist;
				IPHONEOS_DEPLOYMENT_TARGET = 14.5;
				LD_RUNPATH_SEARCH_PATHS = (
					"$(inherited)",
					"@executable_path/Frameworks",
					"@loader_path/Frameworks",
				);
				PRODUCT_BUNDLE_IDENTIFIER = kr.miiiiiin.itcha.GitHubTDDTests;
				PRODUCT_NAME = "$(TARGET_NAME)";
				SWIFT_VERSION = 5.0;
				TARGETED_DEVICE_FAMILY = "1,2";
				TEST_HOST = "$(BUILT_PRODUCTS_DIR)/GitHubTDD.app/GitHubTDD";
			};
			name = Debug;
		};
		7D81BD03270D851B0026A5A3 /* Release */ = {
			isa = XCBuildConfiguration;
			baseConfigurationReference = 0DE6525E4B4033FEDE1CC44E /* Pods-GitHubTDDTests.release.xcconfig */;
			buildSettings = {
				ALWAYS_EMBED_SWIFT_STANDARD_LIBRARIES = YES;
				BUNDLE_LOADER = "$(TEST_HOST)";
				CODE_SIGN_STYLE = Automatic;
				DEVELOPMENT_TEAM = JH6HFBQXT6;
				INFOPLIST_FILE = GitHubTDDTests/Info.plist;
				IPHONEOS_DEPLOYMENT_TARGET = 14.5;
				LD_RUNPATH_SEARCH_PATHS = (
					"$(inherited)",
					"@executable_path/Frameworks",
					"@loader_path/Frameworks",
				);
				PRODUCT_BUNDLE_IDENTIFIER = kr.miiiiiin.itcha.GitHubTDDTests;
				PRODUCT_NAME = "$(TARGET_NAME)";
				SWIFT_VERSION = 5.0;
				TARGETED_DEVICE_FAMILY = "1,2";
				TEST_HOST = "$(BUILT_PRODUCTS_DIR)/GitHubTDD.app/GitHubTDD";
			};
			name = Release;
		};
		7D81BD05270D851B0026A5A3 /* Debug */ = {
			isa = XCBuildConfiguration;
			baseConfigurationReference = 8E0EA6F620837D96519FDDCE /* Pods-GitHubTDD-GitHubTDDUITests.debug.xcconfig */;
			buildSettings = {
				ALWAYS_EMBED_SWIFT_STANDARD_LIBRARIES = YES;
				CODE_SIGN_STYLE = Automatic;
				DEVELOPMENT_TEAM = JH6HFBQXT6;
				INFOPLIST_FILE = GitHubTDDUITests/Info.plist;
				LD_RUNPATH_SEARCH_PATHS = (
					"$(inherited)",
					"@executable_path/Frameworks",
					"@loader_path/Frameworks",
				);
				PRODUCT_BUNDLE_IDENTIFIER = kr.miiiiiin.itcha.GitHubTDDUITests;
				PRODUCT_NAME = "$(TARGET_NAME)";
				SWIFT_VERSION = 5.0;
				TARGETED_DEVICE_FAMILY = "1,2";
				TEST_TARGET_NAME = GitHubTDD;
			};
			name = Debug;
		};
		7D81BD06270D851B0026A5A3 /* Release */ = {
			isa = XCBuildConfiguration;
			baseConfigurationReference = 597DB5AA1DA5D2530F14C525 /* Pods-GitHubTDD-GitHubTDDUITests.release.xcconfig */;
			buildSettings = {
				ALWAYS_EMBED_SWIFT_STANDARD_LIBRARIES = YES;
				CODE_SIGN_STYLE = Automatic;
				DEVELOPMENT_TEAM = JH6HFBQXT6;
				INFOPLIST_FILE = GitHubTDDUITests/Info.plist;
				LD_RUNPATH_SEARCH_PATHS = (
					"$(inherited)",
					"@executable_path/Frameworks",
					"@loader_path/Frameworks",
				);
				PRODUCT_BUNDLE_IDENTIFIER = kr.miiiiiin.itcha.GitHubTDDUITests;
				PRODUCT_NAME = "$(TARGET_NAME)";
				SWIFT_VERSION = 5.0;
				TARGETED_DEVICE_FAMILY = "1,2";
				TEST_TARGET_NAME = GitHubTDD;
			};
			name = Release;
		};
/* End XCBuildConfiguration section */

/* Begin XCConfigurationList section */
		7D81BCCF270D85190026A5A3 /* Build configuration list for PBXProject "GitHubTDD" */ = {
			isa = XCConfigurationList;
			buildConfigurations = (
				7D81BCFC270D851B0026A5A3 /* Debug */,
				7D81BCFD270D851B0026A5A3 /* Release */,
			);
			defaultConfigurationIsVisible = 0;
			defaultConfigurationName = Release;
		};
		7D81BCFE270D851B0026A5A3 /* Build configuration list for PBXNativeTarget "GitHubTDD" */ = {
			isa = XCConfigurationList;
			buildConfigurations = (
				7D81BCFF270D851B0026A5A3 /* Debug */,
				7D81BD00270D851B0026A5A3 /* Release */,
			);
			defaultConfigurationIsVisible = 0;
			defaultConfigurationName = Release;
		};
		7D81BD01270D851B0026A5A3 /* Build configuration list for PBXNativeTarget "GitHubTDDTests" */ = {
			isa = XCConfigurationList;
			buildConfigurations = (
				7D81BD02270D851B0026A5A3 /* Debug */,
				7D81BD03270D851B0026A5A3 /* Release */,
			);
			defaultConfigurationIsVisible = 0;
			defaultConfigurationName = Release;
		};
		7D81BD04270D851B0026A5A3 /* Build configuration list for PBXNativeTarget "GitHubTDDUITests" */ = {
			isa = XCConfigurationList;
			buildConfigurations = (
				7D81BD05270D851B0026A5A3 /* Debug */,
				7D81BD06270D851B0026A5A3 /* Release */,
			);
			defaultConfigurationIsVisible = 0;
			defaultConfigurationName = Release;
		};
/* End XCConfigurationList section */
	};
	rootObject = 7D81BCCC270D85190026A5A3 /* Project object */;
}
